// !$*UTF8*$!
{
	archiveVersion = 1;
	classes = {
	};
	objectVersion = 63;
	objects = {

/* Begin PBXBuildFile section */
		2F1AC9DF2B4E840E00C24973 /* NeutroFeverGuard.docc in Sources */ = {isa = PBXBuildFile; fileRef = 2F1AC9DE2B4E840E00C24973 /* NeutroFeverGuard.docc */; };
		2F3D4ABC2A4E7C290068FB2F /* SpeziScheduler in Frameworks */ = {isa = PBXBuildFile; productRef = 2F3D4ABB2A4E7C290068FB2F /* SpeziScheduler */; };
		2F49B7762980407C00BCB272 /* Spezi in Frameworks */ = {isa = PBXBuildFile; productRef = 2F49B7752980407B00BCB272 /* Spezi */; };
		2F4E23832989D51F0013F3D9 /* NeutroFeverGuardTestingSetup.swift in Sources */ = {isa = PBXBuildFile; fileRef = 2F4E23822989D51F0013F3D9 /* NeutroFeverGuardTestingSetup.swift */; };
		2F4E23872989DB360013F3D9 /* ContactsTests.swift in Sources */ = {isa = PBXBuildFile; fileRef = 2F4E23862989DB360013F3D9 /* ContactsTests.swift */; };
		2F5E32BD297E05EA003432F8 /* NeutroFeverGuardDelegate.swift in Sources */ = {isa = PBXBuildFile; fileRef = 2F5E32BC297E05EA003432F8 /* NeutroFeverGuardDelegate.swift */; };
		2F6025CB29BBE70F0045459E /* GoogleService-Info.plist in Resources */ = {isa = PBXBuildFile; fileRef = 2F6025CA29BBE70F0045459E /* GoogleService-Info.plist */; };
		2F65B44E2A3B8B0600A36932 /* NotificationPermissions.swift in Sources */ = {isa = PBXBuildFile; fileRef = 2F65B44D2A3B8B0600A36932 /* NotificationPermissions.swift */; };
		2FA0BFED2ACC977500E0EF83 /* Localizable.xcstrings in Resources */ = {isa = PBXBuildFile; fileRef = 2FA0BFEC2ACC977500E0EF83 /* Localizable.xcstrings */; };
		2FB099AF2A875DF100B20952 /* FirebaseAuth in Frameworks */ = {isa = PBXBuildFile; productRef = 2FB099AE2A875DF100B20952 /* FirebaseAuth */; };
		2FB099B12A875DF100B20952 /* FirebaseFirestore in Frameworks */ = {isa = PBXBuildFile; productRef = 2FB099B02A875DF100B20952 /* FirebaseFirestore */; };
		2FB099B62A875E2B00B20952 /* HealthKitOnFHIR in Frameworks */ = {isa = PBXBuildFile; productRef = 2FB099B52A875E2B00B20952 /* HealthKitOnFHIR */; };
		2FBD738C2A3BD150004228E7 /* SpeziScheduler in Frameworks */ = {isa = PBXBuildFile; productRef = 2FBD738B2A3BD150004228E7 /* SpeziScheduler */; };
		2FC3439029EE6346002D773C /* SocialSupportQuestionnaire.json in Resources */ = {isa = PBXBuildFile; fileRef = 2FE5DC5529EDD811004B9AB4 /* SocialSupportQuestionnaire.json */; };
		2FC3439129EE6349002D773C /* AppIcon.png in Resources */ = {isa = PBXBuildFile; fileRef = 2FE5DC2A29EDD78D004B9AB4 /* AppIcon.png */; };
		2FC3439229EE634B002D773C /* ConsentDocument.md in Resources */ = {isa = PBXBuildFile; fileRef = 2FE5DC2C29EDD78E004B9AB4 /* ConsentDocument.md */; };
		2FC975A82978F11A00BA99FE /* HomeView.swift in Sources */ = {isa = PBXBuildFile; fileRef = 2FC975A72978F11A00BA99FE /* HomeView.swift */; };
		2FE5DC2629EDD38A004B9AB4 /* Contacts.swift in Sources */ = {isa = PBXBuildFile; fileRef = 2FE5DC2529EDD38A004B9AB4 /* Contacts.swift */; };
		2FE5DC3529EDD7CA004B9AB4 /* Consent.swift in Sources */ = {isa = PBXBuildFile; fileRef = 2FE5DC2F29EDD7CA004B9AB4 /* Consent.swift */; };
		2FE5DC3629EDD7CA004B9AB4 /* HealthKitPermissions.swift in Sources */ = {isa = PBXBuildFile; fileRef = 2FE5DC3029EDD7CA004B9AB4 /* HealthKitPermissions.swift */; };
		2FE5DC3729EDD7CA004B9AB4 /* OnboardingFlow.swift in Sources */ = {isa = PBXBuildFile; fileRef = 2FE5DC3129EDD7CA004B9AB4 /* OnboardingFlow.swift */; };
		2FE5DC3829EDD7CA004B9AB4 /* InterestingModules.swift in Sources */ = {isa = PBXBuildFile; fileRef = 2FE5DC3229EDD7CA004B9AB4 /* InterestingModules.swift */; };
		2FE5DC3A29EDD7CA004B9AB4 /* Welcome.swift in Sources */ = {isa = PBXBuildFile; fileRef = 2FE5DC3429EDD7CA004B9AB4 /* Welcome.swift */; };
		2FE5DC4029EDD7EE004B9AB4 /* FeatureFlags.swift in Sources */ = {isa = PBXBuildFile; fileRef = 2FE5DC3E29EDD7ED004B9AB4 /* FeatureFlags.swift */; };
		2FE5DC4129EDD7EE004B9AB4 /* StorageKeys.swift in Sources */ = {isa = PBXBuildFile; fileRef = 2FE5DC3F29EDD7EE004B9AB4 /* StorageKeys.swift */; };
		2FE5DC5229EDD7FA004B9AB4 /* NeutroFeverGuardScheduler.swift in Sources */ = {isa = PBXBuildFile; fileRef = 2FE5DC4C29EDD7FA004B9AB4 /* NeutroFeverGuardScheduler.swift */; };
		2FE5DC5329EDD7FA004B9AB4 /* Bundle+Questionnaire.swift in Sources */ = {isa = PBXBuildFile; fileRef = 2FE5DC4D29EDD7FA004B9AB4 /* Bundle+Questionnaire.swift */; };
		2FE5DC6429EDD883004B9AB4 /* SpeziAccount in Frameworks */ = {isa = PBXBuildFile; productRef = 2FE5DC6329EDD883004B9AB4 /* SpeziAccount */; };
		2FE5DC6729EDD894004B9AB4 /* SpeziContact in Frameworks */ = {isa = PBXBuildFile; productRef = 2FE5DC6629EDD894004B9AB4 /* SpeziContact */; };
		2FE5DC7229EDD8D3004B9AB4 /* SpeziHealthKit in Frameworks */ = {isa = PBXBuildFile; productRef = 2FE5DC7129EDD8D3004B9AB4 /* SpeziHealthKit */; };
		2FE5DC7529EDD8E6004B9AB4 /* SpeziFirebaseAccount in Frameworks */ = {isa = PBXBuildFile; productRef = 2FE5DC7429EDD8E6004B9AB4 /* SpeziFirebaseAccount */; };
		2FE5DC7729EDD8E6004B9AB4 /* SpeziFirebaseConfiguration in Frameworks */ = {isa = PBXBuildFile; productRef = 2FE5DC7629EDD8E6004B9AB4 /* SpeziFirebaseConfiguration */; };
		2FE5DC7929EDD8E6004B9AB4 /* SpeziFirestore in Frameworks */ = {isa = PBXBuildFile; productRef = 2FE5DC7829EDD8E6004B9AB4 /* SpeziFirestore */; };
		2FE5DC8429EDD934004B9AB4 /* SpeziQuestionnaire in Frameworks */ = {isa = PBXBuildFile; productRef = 2FE5DC8329EDD934004B9AB4 /* SpeziQuestionnaire */; };
		2FE5DC8A29EDD972004B9AB4 /* SpeziLocalStorage in Frameworks */ = {isa = PBXBuildFile; productRef = 2FE5DC8929EDD972004B9AB4 /* SpeziLocalStorage */; };
		2FE5DC8F29EDD980004B9AB4 /* SpeziViews in Frameworks */ = {isa = PBXBuildFile; productRef = 2FE5DC8E29EDD980004B9AB4 /* SpeziViews */; };
		2FE5DC9929EDD9D9004B9AB4 /* XCTestExtensions in Frameworks */ = {isa = PBXBuildFile; productRef = 2FE5DC9829EDD9D9004B9AB4 /* XCTestExtensions */; };
		2FE5DC9C29EDD9EF004B9AB4 /* XCTHealthKit in Frameworks */ = {isa = PBXBuildFile; productRef = 2FE5DC9B29EDD9EF004B9AB4 /* XCTHealthKit */; };
		2FE5DCB129EE6107004B9AB4 /* AccountOnboarding.swift in Sources */ = {isa = PBXBuildFile; fileRef = 2FE5DCAC29EE6107004B9AB4 /* AccountOnboarding.swift */; };
		2FF53D8D2A8729D600042B76 /* NeutroFeverGuardStandard.swift in Sources */ = {isa = PBXBuildFile; fileRef = 2FF53D8C2A8729D600042B76 /* NeutroFeverGuardStandard.swift */; };
		5680DD3E2AB8CD84004E6D4A /* ContributionsTest.swift in Sources */ = {isa = PBXBuildFile; fileRef = 5680DD3D2AB8CD84004E6D4A /* ContributionsTest.swift */; };
		56E708352BB06B7100B08F0A /* SpeziLicense in Frameworks */ = {isa = PBXBuildFile; productRef = 56E708342BB06B7100B08F0A /* SpeziLicense */; };
		56E7083B2BB06F6F00B08F0A /* SwiftPackageList in Frameworks */ = {isa = PBXBuildFile; productRef = 56E7083A2BB06F6F00B08F0A /* SwiftPackageList */; };
		653A2551283387FE005D4D48 /* NeutroFeverGuard.swift in Sources */ = {isa = PBXBuildFile; fileRef = 653A2550283387FE005D4D48 /* NeutroFeverGuard.swift */; };
		653A255528338800005D4D48 /* Assets.xcassets in Resources */ = {isa = PBXBuildFile; fileRef = 653A255428338800005D4D48 /* Assets.xcassets */; };
		653A256C28338800005D4D48 /* SchedulerTests.swift in Sources */ = {isa = PBXBuildFile; fileRef = 653A256B28338800005D4D48 /* SchedulerTests.swift */; };
		9733CFC62A8066DE001B7ABC /* SpeziOnboarding in Frameworks */ = {isa = PBXBuildFile; productRef = 2FE5DC8029EDD91D004B9AB4 /* SpeziOnboarding */; };
		9739A0C62AD7B5730084BEA5 /* FirebaseStorage in Frameworks */ = {isa = PBXBuildFile; productRef = 9739A0C52AD7B5730084BEA5 /* FirebaseStorage */; };
		97D73D6A2AD860AD00B47FA0 /* SpeziFirebaseStorage in Frameworks */ = {isa = PBXBuildFile; productRef = 97D73D692AD860AD00B47FA0 /* SpeziFirebaseStorage */; };
		A94DDFFD2CBD1190004930BD /* SpeziNotifications in Frameworks */ = {isa = PBXBuildFile; productRef = A94DDFFC2CBD1190004930BD /* SpeziNotifications */; };
		A9720E432ABB68CC00872D23 /* AccountSetupHeader.swift in Sources */ = {isa = PBXBuildFile; fileRef = A9720E422ABB68CC00872D23 /* AccountSetupHeader.swift */; };
		A994264E2CD25EB3002F8BD5 /* XCTSpeziAccount in Frameworks */ = {isa = PBXBuildFile; productRef = A994264D2CD25EB3002F8BD5 /* XCTSpeziAccount */; };
		A9947BF02CC131ED0068AA8A /* SpeziSchedulerUI in Frameworks */ = {isa = PBXBuildFile; productRef = A9947BEF2CC131ED0068AA8A /* SpeziSchedulerUI */; };
		A9947BF42CC142BD0068AA8A /* XCTSpeziNotifications in Frameworks */ = {isa = PBXBuildFile; productRef = A9947BF32CC142BD0068AA8A /* XCTSpeziNotifications */; };
		A9A3DCC82C75CBBD00FC9B69 /* FirebaseConfiguration.swift in Sources */ = {isa = PBXBuildFile; fileRef = A9A3DCC72C75CB9A00FC9B69 /* FirebaseConfiguration.swift */; };
		A9D83F962B083794000D0C78 /* SpeziFirebaseAccountStorage in Frameworks */ = {isa = PBXBuildFile; productRef = A9D83F952B083794000D0C78 /* SpeziFirebaseAccountStorage */; };
		A9DFE8A92ABE551400428242 /* AccountButton.swift in Sources */ = {isa = PBXBuildFile; fileRef = A9DFE8A82ABE551400428242 /* AccountButton.swift */; };
		A9FE7AD02AA39BAB0077B045 /* AccountSheet.swift in Sources */ = {isa = PBXBuildFile; fileRef = A9FE7ACF2AA39BAB0077B045 /* AccountSheet.swift */; };
		B00991C42D7FCF2E00D9CBD5 /* BluetoothViewUITests.swift in Sources */ = {isa = PBXBuildFile; fileRef = B00991C32D7FCF2E00D9CBD5 /* BluetoothViewUITests.swift */; };
		B03D0E432D7D22700024F2CA /* HealthKitService.swift in Sources */ = {isa = PBXBuildFile; fileRef = F2E6898E2D52ED8500869C4F /* HealthKitService.swift */; };
		B03D0E462D7D24030024F2CA /* DataType.swift in Sources */ = {isa = PBXBuildFile; fileRef = C49EC8332D501C5C005C3495 /* DataType.swift */; };
		B03D0E482D7D24AA0024F2CA /* DataError.swift in Sources */ = {isa = PBXBuildFile; fileRef = F22393792D5D4092006C8EB4 /* DataError.swift */; };
		B08E39F92D7C416000077929 /* FeverMonitoring.swift in Sources */ = {isa = PBXBuildFile; fileRef = B0C95E382D78D5F2007A4CA6 /* FeverMonitoring.swift */; };
		B0C95E3A2D78D5F3007A4CA6 /* FeverMonitoring.swift in Sources */ = {isa = PBXBuildFile; fileRef = B0C95E382D78D5F2007A4CA6 /* FeverMonitoring.swift */; };
		B0D4C9382D790F65000643C7 /* LabResultsManager.swift in Sources */ = {isa = PBXBuildFile; fileRef = B0D4C9372D790F5E000643C7 /* LabResultsManager.swift */; };
		B0DF8DD42D7A88EE00581A00 /* SpeziBluetooth in Frameworks */ = {isa = PBXBuildFile; productRef = B0DF8DD32D7A88EE00581A00 /* SpeziBluetooth */; };
		B0DF8DD62D7A88EE00581A00 /* SpeziBluetoothServices in Frameworks */ = {isa = PBXBuildFile; productRef = B0DF8DD52D7A88EE00581A00 /* SpeziBluetoothServices */; };
		B0DF8DF72D7BFEFB00581A00 /* FeverMonitorTests.swift in Sources */ = {isa = PBXBuildFile; fileRef = B0DF8DF62D7BFEF600581A00 /* FeverMonitorTests.swift */; };
		B0DF8DFC2D7C117800581A00 /* HealthDataFetchable.swift in Sources */ = {isa = PBXBuildFile; fileRef = B0DF8DFB2D7C114900581A00 /* HealthDataFetchable.swift */; };
		B0DF8DFD2D7C123200581A00 /* HealthDataFetchable.swift in Sources */ = {isa = PBXBuildFile; fileRef = B0DF8DFB2D7C114900581A00 /* HealthDataFetchable.swift */; };
		B0E1C5C32D80D3CB009CF90A /* SkinTemperatureDecodingTests.swift in Sources */ = {isa = PBXBuildFile; fileRef = B0E1C5C22D80D3CB009CF90A /* SkinTemperatureDecodingTests.swift */; };
		B0FF4DD22D797FEA0076A043 /* NotificationManager.swift in Sources */ = {isa = PBXBuildFile; fileRef = B0FF4DD12D797FEA0076A043 /* NotificationManager.swift */; };
		C42B98FF2D769E54005D820B /* SpeziKeychainStorage in Frameworks */ = {isa = PBXBuildFile; productRef = C42B98FE2D769E54005D820B /* SpeziKeychainStorage */; };
		C42C1B312D782A7600EA417F /* MedicationView.swift in Sources */ = {isa = PBXBuildFile; fileRef = C42C1B302D782A7100EA417F /* MedicationView.swift */; };
		C42C1C6B2D7A985B00EA417F /* MedicationManager.swift in Sources */ = {isa = PBXBuildFile; fileRef = C42C1C6A2D7A985B00EA417F /* MedicationManager.swift */; };
		C42C1C712D7AB84300EA417F /* MedicationViewUITests.swift in Sources */ = {isa = PBXBuildFile; fileRef = C42C1C702D7AB84300EA417F /* MedicationViewUITests.swift */; };
		C42D4DA52D5AC89900B2A169 /* LabView.swift in Sources */ = {isa = PBXBuildFile; fileRef = C42D4DA42D5AC89500B2A169 /* LabView.swift */; };
		C457589F2D812AB400178E8F /* BluetoothService.swift in Sources */ = {isa = PBXBuildFile; fileRef = C45758992D812AB300178E8F /* BluetoothService.swift */; };
		C45758A02D812AB400178E8F /* MeasurementType.swift in Sources */ = {isa = PBXBuildFile; fileRef = C457589C2D812AB300178E8F /* MeasurementType.swift */; };
		C45758A12D812AB400178E8F /* NoMeasurementWarningState.swift in Sources */ = {isa = PBXBuildFile; fileRef = C457589D2D812AB300178E8F /* NoMeasurementWarningState.swift */; };
		C45758A22D812AB400178E8F /* BluetoothView.swift in Sources */ = {isa = PBXBuildFile; fileRef = C457589A2D812AB300178E8F /* BluetoothView.swift */; };
		C45758A32D812AB400178E8F /* Measurements.swift in Sources */ = {isa = PBXBuildFile; fileRef = C457589B2D812AB300178E8F /* Measurements.swift */; };
		C48838FA2D7F849E00D25764 /* RecordsView.swift in Sources */ = {isa = PBXBuildFile; fileRef = C48838F92D7F849800D25764 /* RecordsView.swift */; };
		C49EC8342D501C62005C3495 /* DataType.swift in Sources */ = {isa = PBXBuildFile; fileRef = C49EC8332D501C5C005C3495 /* DataType.swift */; };
		C49EC8382D5026EE005C3495 /* DataTypeTest.swift in Sources */ = {isa = PBXBuildFile; fileRef = C49EC8372D5026EE005C3495 /* DataTypeTest.swift */; };
		C49EC8402D5033F9005C3495 /* AddDataView.swift in Sources */ = {isa = PBXBuildFile; fileRef = C49EC83F2D5033F9005C3495 /* AddDataView.swift */; };
		C49EC8532D5038AC005C3495 /* DataInputForm.swift in Sources */ = {isa = PBXBuildFile; fileRef = C49EC8522D5038AC005C3495 /* DataInputForm.swift */; };
		C4A367C82D73C1EC009923C9 /* DataErrorTests.swift in Sources */ = {isa = PBXBuildFile; fileRef = C4A367C72D73C1E1009923C9 /* DataErrorTests.swift */; };
		C4C0A78F2D518DBC00F37EEC /* HelperFunc.swift in Sources */ = {isa = PBXBuildFile; fileRef = C4C0A78E2D518DB500F37EEC /* HelperFunc.swift */; };
		C4C479462D83F8D400DE3F33 /* HKVisualizationHKTests.swift in Sources */ = {isa = PBXBuildFile; fileRef = C4C479452D83F8D400DE3F33 /* HKVisualizationHKTests.swift */; };
		C4C8A35F2D6F950600F313AE /* AddDataViewTests.swift in Sources */ = {isa = PBXBuildFile; fileRef = C4C8A35E2D6F950600F313AE /* AddDataViewTests.swift */; };
		C4C8A3682D6F9E2100F313AE /* LabViewUITests.swift in Sources */ = {isa = PBXBuildFile; fileRef = C4C8A3672D6F9E1A00F313AE /* LabViewUITests.swift */; };
		C4C8A3B32D71204200F313AE /* HelperFuncTests.swift in Sources */ = {isa = PBXBuildFile; fileRef = C4C8A3B22D71204200F313AE /* HelperFuncTests.swift */; };
		C4DEE85E2D82C09900BFBC26 /* BloodPressureTests.swift in Sources */ = {isa = PBXBuildFile; fileRef = C4DEE85D2D82C09900BFBC26 /* BloodPressureTests.swift */; };
		EB0065572D813AC900F6DA00 /* HKVisualizationTests.swift in Sources */ = {isa = PBXBuildFile; fileRef = EB0065562D813AC900F6DA00 /* HKVisualizationTests.swift */; };
		EB02C6612D5D52E90035AA89 /* NeutroFeverGuardTests.swift in Sources */ = {isa = PBXBuildFile; fileRef = 653A256128338800005D4D48 /* NeutroFeverGuardTests.swift */; };
		EB2AED6F2D81A00900861EE2 /* MasccIndexManager.swift in Sources */ = {isa = PBXBuildFile; fileRef = EB2AED6E2D81A00300861EE2 /* MasccIndexManager.swift */; };
		EB5D7CF92D8108BC0046BF8E /* AccountButton.swift in Sources */ = {isa = PBXBuildFile; fileRef = A9DFE8A82ABE551400428242 /* AccountButton.swift */; };
		EB6FDBCE2D80133A008E9F90 /* HKVisualization.swift in Sources */ = {isa = PBXBuildFile; fileRef = EB6FDBCB2D80133A008E9F90 /* HKVisualization.swift */; };
		EB6FDBCF2D80133A008E9F90 /* HKVisualizationItem.swift in Sources */ = {isa = PBXBuildFile; fileRef = EB6FDBCC2D80133A008E9F90 /* HKVisualizationItem.swift */; };
		EBFA80652D81FBE600596C3C /* FeatureFlags.swift in Sources */ = {isa = PBXBuildFile; fileRef = 2FE5DC3E29EDD7ED004B9AB4 /* FeatureFlags.swift */; };
		F223937A2D5D4095006C8EB4 /* DataError.swift in Sources */ = {isa = PBXBuildFile; fileRef = F22393792D5D4092006C8EB4 /* DataError.swift */; };
		F268C4562D7F928C0020026F /* SymptomManager.swift in Sources */ = {isa = PBXBuildFile; fileRef = F268C4552D7F928B0020026F /* SymptomManager.swift */; };
		F279F70C2D780462005C2927 /* FirebaseCore in Frameworks */ = {isa = PBXBuildFile; productRef = F2A54D362D5DE24400A20113 /* FirebaseCore */; };
		F279F70D2D780462005C2927 /* FirebaseFirestore in Frameworks */ = {isa = PBXBuildFile; productRef = F2A54D382D5DE24E00A20113 /* FirebaseFirestore */; };
		F2E6898F2D52ED8600869C4F /* HealthKitService.swift in Sources */ = {isa = PBXBuildFile; fileRef = F2E6898E2D52ED8500869C4F /* HealthKitService.swift */; };
/* End PBXBuildFile section */

/* Begin PBXContainerItemProxy section */
		653A255E28338800005D4D48 /* PBXContainerItemProxy */ = {
			isa = PBXContainerItemProxy;
			containerPortal = 653A2545283387FE005D4D48 /* Project object */;
			proxyType = 1;
			remoteGlobalIDString = 653A254C283387FE005D4D48;
			remoteInfo = NeutroFeverGuard;
		};
		653A256828338800005D4D48 /* PBXContainerItemProxy */ = {
			isa = PBXContainerItemProxy;
			containerPortal = 653A2545283387FE005D4D48 /* Project object */;
			proxyType = 1;
			remoteGlobalIDString = 653A254C283387FE005D4D48;
			remoteInfo = NeutroFeverGuard;
		};
/* End PBXContainerItemProxy section */

/* Begin PBXFileReference section */
		2F1AC9DE2B4E840E00C24973 /* NeutroFeverGuard.docc */ = {isa = PBXFileReference; lastKnownFileType = folder.documentationcatalog; path = NeutroFeverGuard.docc; sourceTree = "<group>"; };
		2F4E23822989D51F0013F3D9 /* NeutroFeverGuardTestingSetup.swift */ = {isa = PBXFileReference; lastKnownFileType = sourcecode.swift; path = NeutroFeverGuardTestingSetup.swift; sourceTree = "<group>"; };
		2F4E23862989DB360013F3D9 /* ContactsTests.swift */ = {isa = PBXFileReference; lastKnownFileType = sourcecode.swift; path = ContactsTests.swift; sourceTree = "<group>"; };
		2F5E32BC297E05EA003432F8 /* NeutroFeverGuardDelegate.swift */ = {isa = PBXFileReference; lastKnownFileType = sourcecode.swift; path = NeutroFeverGuardDelegate.swift; sourceTree = "<group>"; };
		2F6025CA29BBE70F0045459E /* GoogleService-Info.plist */ = {isa = PBXFileReference; fileEncoding = 4; lastKnownFileType = text.plist.xml; path = "GoogleService-Info.plist"; sourceTree = "<group>"; };
		2F65B44D2A3B8B0600A36932 /* NotificationPermissions.swift */ = {isa = PBXFileReference; lastKnownFileType = sourcecode.swift; path = NotificationPermissions.swift; sourceTree = "<group>"; };
		2FA0BFEC2ACC977500E0EF83 /* Localizable.xcstrings */ = {isa = PBXFileReference; lastKnownFileType = text.json.xcstrings; path = Localizable.xcstrings; sourceTree = "<group>"; };
		2FAEC07F297F583900C11C42 /* NeutroFeverGuard.entitlements */ = {isa = PBXFileReference; lastKnownFileType = text.plist.entitlements; path = NeutroFeverGuard.entitlements; sourceTree = "<group>"; };
		2FC975A72978F11A00BA99FE /* HomeView.swift */ = {isa = PBXFileReference; lastKnownFileType = sourcecode.swift; path = HomeView.swift; sourceTree = "<group>"; };
		2FE5DC2529EDD38A004B9AB4 /* Contacts.swift */ = {isa = PBXFileReference; lastKnownFileType = sourcecode.swift; path = Contacts.swift; sourceTree = "<group>"; };
		2FE5DC2A29EDD78D004B9AB4 /* AppIcon.png */ = {isa = PBXFileReference; lastKnownFileType = image.png; path = AppIcon.png; sourceTree = "<group>"; };
		2FE5DC2C29EDD78E004B9AB4 /* ConsentDocument.md */ = {isa = PBXFileReference; lastKnownFileType = net.daringfireball.markdown; path = ConsentDocument.md; sourceTree = "<group>"; };
		2FE5DC2F29EDD7CA004B9AB4 /* Consent.swift */ = {isa = PBXFileReference; fileEncoding = 4; lastKnownFileType = sourcecode.swift; path = Consent.swift; sourceTree = "<group>"; };
		2FE5DC3029EDD7CA004B9AB4 /* HealthKitPermissions.swift */ = {isa = PBXFileReference; fileEncoding = 4; lastKnownFileType = sourcecode.swift; path = HealthKitPermissions.swift; sourceTree = "<group>"; };
		2FE5DC3129EDD7CA004B9AB4 /* OnboardingFlow.swift */ = {isa = PBXFileReference; fileEncoding = 4; lastKnownFileType = sourcecode.swift; path = OnboardingFlow.swift; sourceTree = "<group>"; };
		2FE5DC3229EDD7CA004B9AB4 /* InterestingModules.swift */ = {isa = PBXFileReference; fileEncoding = 4; lastKnownFileType = sourcecode.swift; path = InterestingModules.swift; sourceTree = "<group>"; };
		2FE5DC3429EDD7CA004B9AB4 /* Welcome.swift */ = {isa = PBXFileReference; fileEncoding = 4; lastKnownFileType = sourcecode.swift; path = Welcome.swift; sourceTree = "<group>"; };
		2FE5DC3E29EDD7ED004B9AB4 /* FeatureFlags.swift */ = {isa = PBXFileReference; fileEncoding = 4; lastKnownFileType = sourcecode.swift; path = FeatureFlags.swift; sourceTree = "<group>"; };
		2FE5DC3F29EDD7EE004B9AB4 /* StorageKeys.swift */ = {isa = PBXFileReference; fileEncoding = 4; lastKnownFileType = sourcecode.swift; path = StorageKeys.swift; sourceTree = "<group>"; };
		2FE5DC4C29EDD7FA004B9AB4 /* NeutroFeverGuardScheduler.swift */ = {isa = PBXFileReference; fileEncoding = 4; lastKnownFileType = sourcecode.swift; path = NeutroFeverGuardScheduler.swift; sourceTree = "<group>"; };
		2FE5DC4D29EDD7FA004B9AB4 /* Bundle+Questionnaire.swift */ = {isa = PBXFileReference; fileEncoding = 4; lastKnownFileType = sourcecode.swift; path = "Bundle+Questionnaire.swift"; sourceTree = "<group>"; };
		2FE5DC5529EDD811004B9AB4 /* SocialSupportQuestionnaire.json */ = {isa = PBXFileReference; lastKnownFileType = text.json; path = SocialSupportQuestionnaire.json; sourceTree = "<group>"; };
		2FE5DCAC29EE6107004B9AB4 /* AccountOnboarding.swift */ = {isa = PBXFileReference; fileEncoding = 4; lastKnownFileType = sourcecode.swift; path = AccountOnboarding.swift; sourceTree = "<group>"; };
		2FF53D8C2A8729D600042B76 /* NeutroFeverGuardStandard.swift */ = {isa = PBXFileReference; fileEncoding = 4; lastKnownFileType = sourcecode.swift; path = NeutroFeverGuardStandard.swift; sourceTree = "<group>"; };
		5680DD3D2AB8CD84004E6D4A /* ContributionsTest.swift */ = {isa = PBXFileReference; lastKnownFileType = sourcecode.swift; path = ContributionsTest.swift; sourceTree = "<group>"; };
		653A254D283387FE005D4D48 /* NeutroFeverGuard.app */ = {isa = PBXFileReference; explicitFileType = wrapper.application; includeInIndex = 0; path = NeutroFeverGuard.app; sourceTree = BUILT_PRODUCTS_DIR; };
		653A2550283387FE005D4D48 /* NeutroFeverGuard.swift */ = {isa = PBXFileReference; lastKnownFileType = sourcecode.swift; path = NeutroFeverGuard.swift; sourceTree = "<group>"; };
		653A255428338800005D4D48 /* Assets.xcassets */ = {isa = PBXFileReference; lastKnownFileType = folder.assetcatalog; path = Assets.xcassets; sourceTree = "<group>"; };
		653A255D28338800005D4D48 /* NeutroFeverGuardTests.xctest */ = {isa = PBXFileReference; explicitFileType = wrapper.cfbundle; includeInIndex = 0; path = NeutroFeverGuardTests.xctest; sourceTree = BUILT_PRODUCTS_DIR; };
		653A256128338800005D4D48 /* NeutroFeverGuardTests.swift */ = {isa = PBXFileReference; lastKnownFileType = sourcecode.swift; path = NeutroFeverGuardTests.swift; sourceTree = "<group>"; };
		653A256728338800005D4D48 /* NeutroFeverGuardUITests.xctest */ = {isa = PBXFileReference; explicitFileType = wrapper.cfbundle; includeInIndex = 0; path = NeutroFeverGuardUITests.xctest; sourceTree = BUILT_PRODUCTS_DIR; };
		653A256B28338800005D4D48 /* SchedulerTests.swift */ = {isa = PBXFileReference; lastKnownFileType = sourcecode.swift; path = SchedulerTests.swift; sourceTree = "<group>"; };
		653A258928339462005D4D48 /* Info.plist */ = {isa = PBXFileReference; lastKnownFileType = text.plist.xml; path = Info.plist; sourceTree = "<group>"; };
		A9720E422ABB68CC00872D23 /* AccountSetupHeader.swift */ = {isa = PBXFileReference; lastKnownFileType = sourcecode.swift; path = AccountSetupHeader.swift; sourceTree = "<group>"; };
		A9A3DCC72C75CB9A00FC9B69 /* FirebaseConfiguration.swift */ = {isa = PBXFileReference; lastKnownFileType = sourcecode.swift; path = FirebaseConfiguration.swift; sourceTree = "<group>"; };
		A9DFE8A82ABE551400428242 /* AccountButton.swift */ = {isa = PBXFileReference; lastKnownFileType = sourcecode.swift; path = AccountButton.swift; sourceTree = "<group>"; };
		A9FE7ACF2AA39BAB0077B045 /* AccountSheet.swift */ = {isa = PBXFileReference; lastKnownFileType = sourcecode.swift; path = AccountSheet.swift; sourceTree = "<group>"; };
		B00991C32D7FCF2E00D9CBD5 /* BluetoothViewUITests.swift */ = {isa = PBXFileReference; lastKnownFileType = sourcecode.swift; path = BluetoothViewUITests.swift; sourceTree = "<group>"; };
		B0C95E382D78D5F2007A4CA6 /* FeverMonitoring.swift */ = {isa = PBXFileReference; lastKnownFileType = sourcecode.swift; path = FeverMonitoring.swift; sourceTree = "<group>"; };
		B0D4C9372D790F5E000643C7 /* LabResultsManager.swift */ = {isa = PBXFileReference; lastKnownFileType = sourcecode.swift; path = LabResultsManager.swift; sourceTree = "<group>"; };
		B0DF8DF62D7BFEF600581A00 /* FeverMonitorTests.swift */ = {isa = PBXFileReference; lastKnownFileType = sourcecode.swift; path = FeverMonitorTests.swift; sourceTree = "<group>"; };
		B0DF8DFB2D7C114900581A00 /* HealthDataFetchable.swift */ = {isa = PBXFileReference; lastKnownFileType = sourcecode.swift; path = HealthDataFetchable.swift; sourceTree = "<group>"; };
		B0E1C5C22D80D3CB009CF90A /* SkinTemperatureDecodingTests.swift */ = {isa = PBXFileReference; lastKnownFileType = sourcecode.swift; path = SkinTemperatureDecodingTests.swift; sourceTree = "<group>"; };
		B0FF4DD12D797FEA0076A043 /* NotificationManager.swift */ = {isa = PBXFileReference; lastKnownFileType = sourcecode.swift; path = NotificationManager.swift; sourceTree = "<group>"; };
		C42C1B302D782A7100EA417F /* MedicationView.swift */ = {isa = PBXFileReference; lastKnownFileType = sourcecode.swift; path = MedicationView.swift; sourceTree = "<group>"; };
		C42C1C6A2D7A985B00EA417F /* MedicationManager.swift */ = {isa = PBXFileReference; lastKnownFileType = sourcecode.swift; path = MedicationManager.swift; sourceTree = "<group>"; };
		C42C1C702D7AB84300EA417F /* MedicationViewUITests.swift */ = {isa = PBXFileReference; lastKnownFileType = sourcecode.swift; path = MedicationViewUITests.swift; sourceTree = "<group>"; };
		C42D4DA42D5AC89500B2A169 /* LabView.swift */ = {isa = PBXFileReference; lastKnownFileType = sourcecode.swift; path = LabView.swift; sourceTree = "<group>"; };
		C45758992D812AB300178E8F /* BluetoothService.swift */ = {isa = PBXFileReference; lastKnownFileType = sourcecode.swift; path = BluetoothService.swift; sourceTree = "<group>"; };
		C457589A2D812AB300178E8F /* BluetoothView.swift */ = {isa = PBXFileReference; lastKnownFileType = sourcecode.swift; path = BluetoothView.swift; sourceTree = "<group>"; };
		C457589B2D812AB300178E8F /* Measurements.swift */ = {isa = PBXFileReference; lastKnownFileType = sourcecode.swift; path = Measurements.swift; sourceTree = "<group>"; };
		C457589C2D812AB300178E8F /* MeasurementType.swift */ = {isa = PBXFileReference; lastKnownFileType = sourcecode.swift; path = MeasurementType.swift; sourceTree = "<group>"; };
		C457589D2D812AB300178E8F /* NoMeasurementWarningState.swift */ = {isa = PBXFileReference; lastKnownFileType = sourcecode.swift; path = NoMeasurementWarningState.swift; sourceTree = "<group>"; };
		C48838F92D7F849800D25764 /* RecordsView.swift */ = {isa = PBXFileReference; lastKnownFileType = sourcecode.swift; path = RecordsView.swift; sourceTree = "<group>"; };
		C49EC8332D501C5C005C3495 /* DataType.swift */ = {isa = PBXFileReference; lastKnownFileType = sourcecode.swift; path = DataType.swift; sourceTree = "<group>"; };
		C49EC8372D5026EE005C3495 /* DataTypeTest.swift */ = {isa = PBXFileReference; lastKnownFileType = sourcecode.swift; path = DataTypeTest.swift; sourceTree = "<group>"; };
		C49EC83F2D5033F9005C3495 /* AddDataView.swift */ = {isa = PBXFileReference; lastKnownFileType = sourcecode.swift; path = AddDataView.swift; sourceTree = "<group>"; };
		C49EC8522D5038AC005C3495 /* DataInputForm.swift */ = {isa = PBXFileReference; lastKnownFileType = sourcecode.swift; path = DataInputForm.swift; sourceTree = "<group>"; };
		C4A367C72D73C1E1009923C9 /* DataErrorTests.swift */ = {isa = PBXFileReference; lastKnownFileType = sourcecode.swift; path = DataErrorTests.swift; sourceTree = "<group>"; };
		C4C0A78E2D518DB500F37EEC /* HelperFunc.swift */ = {isa = PBXFileReference; lastKnownFileType = sourcecode.swift; path = HelperFunc.swift; sourceTree = "<group>"; };
		C4C479452D83F8D400DE3F33 /* HKVisualizationHKTests.swift */ = {isa = PBXFileReference; lastKnownFileType = sourcecode.swift; path = HKVisualizationHKTests.swift; sourceTree = "<group>"; };
		C4C8A35E2D6F950600F313AE /* AddDataViewTests.swift */ = {isa = PBXFileReference; lastKnownFileType = sourcecode.swift; path = AddDataViewTests.swift; sourceTree = "<group>"; };
		C4C8A3672D6F9E1A00F313AE /* LabViewUITests.swift */ = {isa = PBXFileReference; lastKnownFileType = sourcecode.swift; path = LabViewUITests.swift; sourceTree = "<group>"; };
		C4C8A3B22D71204200F313AE /* HelperFuncTests.swift */ = {isa = PBXFileReference; lastKnownFileType = sourcecode.swift; path = HelperFuncTests.swift; sourceTree = "<group>"; };
		C4DEE85D2D82C09900BFBC26 /* BloodPressureTests.swift */ = {isa = PBXFileReference; lastKnownFileType = sourcecode.swift; path = BloodPressureTests.swift; sourceTree = "<group>"; };
		EB0065562D813AC900F6DA00 /* HKVisualizationTests.swift */ = {isa = PBXFileReference; lastKnownFileType = sourcecode.swift; path = HKVisualizationTests.swift; sourceTree = "<group>"; };
		EB2AED6E2D81A00300861EE2 /* MasccIndexManager.swift */ = {isa = PBXFileReference; lastKnownFileType = sourcecode.swift; path = MasccIndexManager.swift; sourceTree = "<group>"; };
		EB6FDBCB2D80133A008E9F90 /* HKVisualization.swift */ = {isa = PBXFileReference; lastKnownFileType = sourcecode.swift; path = HKVisualization.swift; sourceTree = "<group>"; };
		EB6FDBCC2D80133A008E9F90 /* HKVisualizationItem.swift */ = {isa = PBXFileReference; lastKnownFileType = sourcecode.swift; path = HKVisualizationItem.swift; sourceTree = "<group>"; };
		F22393792D5D4092006C8EB4 /* DataError.swift */ = {isa = PBXFileReference; lastKnownFileType = sourcecode.swift; path = DataError.swift; sourceTree = "<group>"; };
		F268C4552D7F928B0020026F /* SymptomManager.swift */ = {isa = PBXFileReference; lastKnownFileType = sourcecode.swift; path = SymptomManager.swift; sourceTree = "<group>"; };
		F2E6898E2D52ED8500869C4F /* HealthKitService.swift */ = {isa = PBXFileReference; lastKnownFileType = sourcecode.swift; path = HealthKitService.swift; sourceTree = "<group>"; };
/* End PBXFileReference section */

/* Begin PBXFrameworksBuildPhase section */
		653A254A283387FE005D4D48 /* Frameworks */ = {
			isa = PBXFrameworksBuildPhase;
			buildActionMask = 2147483647;
			files = (
				9733CFC62A8066DE001B7ABC /* SpeziOnboarding in Frameworks */,
				2FE5DC6429EDD883004B9AB4 /* SpeziAccount in Frameworks */,
				A9947BF02CC131ED0068AA8A /* SpeziSchedulerUI in Frameworks */,
				B0DF8DD62D7A88EE00581A00 /* SpeziBluetoothServices in Frameworks */,
				2FB099AF2A875DF100B20952 /* FirebaseAuth in Frameworks */,
				97D73D6A2AD860AD00B47FA0 /* SpeziFirebaseStorage in Frameworks */,
				2FE5DC6729EDD894004B9AB4 /* SpeziContact in Frameworks */,
				2FE5DC8429EDD934004B9AB4 /* SpeziQuestionnaire in Frameworks */,
				2FB099B12A875DF100B20952 /* FirebaseFirestore in Frameworks */,
				C42B98FF2D769E54005D820B /* SpeziKeychainStorage in Frameworks */,
				A94DDFFD2CBD1190004930BD /* SpeziNotifications in Frameworks */,
				A9D83F962B083794000D0C78 /* SpeziFirebaseAccountStorage in Frameworks */,
				2FB099B62A875E2B00B20952 /* HealthKitOnFHIR in Frameworks */,
				56E7083B2BB06F6F00B08F0A /* SwiftPackageList in Frameworks */,
				56E708352BB06B7100B08F0A /* SpeziLicense in Frameworks */,
				2FE5DC8A29EDD972004B9AB4 /* SpeziLocalStorage in Frameworks */,
				2FE5DC7529EDD8E6004B9AB4 /* SpeziFirebaseAccount in Frameworks */,
				9739A0C62AD7B5730084BEA5 /* FirebaseStorage in Frameworks */,
				2FE5DC7229EDD8D3004B9AB4 /* SpeziHealthKit in Frameworks */,
				2F49B7762980407C00BCB272 /* Spezi in Frameworks */,
				2FE5DC8F29EDD980004B9AB4 /* SpeziViews in Frameworks */,
				2F3D4ABC2A4E7C290068FB2F /* SpeziScheduler in Frameworks */,
				B0DF8DD42D7A88EE00581A00 /* SpeziBluetooth in Frameworks */,
				2FBD738C2A3BD150004228E7 /* SpeziScheduler in Frameworks */,
				2FE5DC7929EDD8E6004B9AB4 /* SpeziFirestore in Frameworks */,
				2FE5DC7729EDD8E6004B9AB4 /* SpeziFirebaseConfiguration in Frameworks */,
			);
			runOnlyForDeploymentPostprocessing = 0;
		};
		653A255A28338800005D4D48 /* Frameworks */ = {
			isa = PBXFrameworksBuildPhase;
			buildActionMask = 2147483647;
			files = (
			);
			runOnlyForDeploymentPostprocessing = 0;
		};
		653A256428338800005D4D48 /* Frameworks */ = {
			isa = PBXFrameworksBuildPhase;
			buildActionMask = 2147483647;
			files = (
				F279F70D2D780462005C2927 /* FirebaseFirestore in Frameworks */,
				F279F70C2D780462005C2927 /* FirebaseCore in Frameworks */,
				2FE5DC9929EDD9D9004B9AB4 /* XCTestExtensions in Frameworks */,
				2FE5DC9C29EDD9EF004B9AB4 /* XCTHealthKit in Frameworks */,
				A994264E2CD25EB3002F8BD5 /* XCTSpeziAccount in Frameworks */,
				A9947BF42CC142BD0068AA8A /* XCTSpeziNotifications in Frameworks */,
			);
			runOnlyForDeploymentPostprocessing = 0;
		};
/* End PBXFrameworksBuildPhase section */

/* Begin PBXGroup section */
		2FC9759D2978E30800BA99FE /* Supporting Files */ = {
			isa = PBXGroup;
			children = (
				2FAEC07F297F583900C11C42 /* NeutroFeverGuard.entitlements */,
				653A258928339462005D4D48 /* Info.plist */,
				2F6025CA29BBE70F0045459E /* GoogleService-Info.plist */,
				2F1AC9DE2B4E840E00C24973 /* NeutroFeverGuard.docc */,
			);
			path = "Supporting Files";
			sourceTree = "<group>";
		};
		2FE5DC2729EDD38D004B9AB4 /* Contacts */ = {
			isa = PBXGroup;
			children = (
				2FE5DC2529EDD38A004B9AB4 /* Contacts.swift */,
			);
			path = Contacts;
			sourceTree = "<group>";
		};
		2FE5DC2829EDD398004B9AB4 /* Onboarding */ = {
			isa = PBXGroup;
			children = (
				2FE5DC3129EDD7CA004B9AB4 /* OnboardingFlow.swift */,
				2FE5DC3429EDD7CA004B9AB4 /* Welcome.swift */,
				2FE5DC3229EDD7CA004B9AB4 /* InterestingModules.swift */,
				2FE5DCAC29EE6107004B9AB4 /* AccountOnboarding.swift */,
				2FE5DC2F29EDD7CA004B9AB4 /* Consent.swift */,
				2FE5DC3029EDD7CA004B9AB4 /* HealthKitPermissions.swift */,
				2F65B44D2A3B8B0600A36932 /* NotificationPermissions.swift */,
			);
			path = Onboarding;
			sourceTree = "<group>";
		};
		2FE5DC2D29EDD792004B9AB4 /* Resources */ = {
			isa = PBXGroup;
			children = (
				2FE5DC2A29EDD78D004B9AB4 /* AppIcon.png */,
				653A255428338800005D4D48 /* Assets.xcassets */,
				2FE5DC2C29EDD78E004B9AB4 /* ConsentDocument.md */,
				2FA0BFEC2ACC977500E0EF83 /* Localizable.xcstrings */,
				2FE5DC5529EDD811004B9AB4 /* SocialSupportQuestionnaire.json */,
			);
			path = Resources;
			sourceTree = "<group>";
		};
		2FE5DC3B29EDD7D0004B9AB4 /* Schedule */ = {
			isa = PBXGroup;
			children = (
				2FE5DC4D29EDD7FA004B9AB4 /* Bundle+Questionnaire.swift */,
				2FE5DC4C29EDD7FA004B9AB4 /* NeutroFeverGuardScheduler.swift */,
			);
			path = Schedule;
			sourceTree = "<group>";
		};
		2FE5DC3C29EDD7DA004B9AB4 /* SharedContext */ = {
			isa = PBXGroup;
			children = (
				2FE5DC3E29EDD7ED004B9AB4 /* FeatureFlags.swift */,
				2FE5DC3F29EDD7EE004B9AB4 /* StorageKeys.swift */,
			);
			path = SharedContext;
			sourceTree = "<group>";
		};
		653A2544283387FE005D4D48 = {
			isa = PBXGroup;
			children = (
				653A254F283387FE005D4D48 /* NeutroFeverGuard */,
				653A256028338800005D4D48 /* NeutroFeverGuardTests */,
				653A256A28338800005D4D48 /* NeutroFeverGuardUITests */,
				653A254E283387FE005D4D48 /* Products */,
				653A258B283395A7005D4D48 /* Frameworks */,
				EB02C6512D5D39D90035AA89 /* Recovered References */,
			);
			sourceTree = "<group>";
		};
		653A254E283387FE005D4D48 /* Products */ = {
			isa = PBXGroup;
			children = (
				653A254D283387FE005D4D48 /* NeutroFeverGuard.app */,
				653A255D28338800005D4D48 /* NeutroFeverGuardTests.xctest */,
				653A256728338800005D4D48 /* NeutroFeverGuardUITests.xctest */,
			);
			name = Products;
			sourceTree = "<group>";
		};
		653A254F283387FE005D4D48 /* NeutroFeverGuard */ = {
			isa = PBXGroup;
			children = (
				C457589E2D812AB300178E8F /* BluetoothRelated */,
				B0DF8DFB2D7C114900581A00 /* HealthDataFetchable.swift */,
				F268C4552D7F928B0020026F /* SymptomManager.swift */,
				EB2AED6E2D81A00300861EE2 /* MasccIndexManager.swift */,
				B0FF4DD12D797FEA0076A043 /* NotificationManager.swift */,
				B0D4C9372D790F5E000643C7 /* LabResultsManager.swift */,
				C42C1C6A2D7A985B00EA417F /* MedicationManager.swift */,
				EB6FDBCB2D80133A008E9F90 /* HKVisualization.swift */,
				EB6FDBCC2D80133A008E9F90 /* HKVisualizationItem.swift */,
				F22393792D5D4092006C8EB4 /* DataError.swift */,
				C42D4DA42D5AC89500B2A169 /* LabView.swift */,
				C48838F92D7F849800D25764 /* RecordsView.swift */,
				B0C95E382D78D5F2007A4CA6 /* FeverMonitoring.swift */,
				C42C1B302D782A7100EA417F /* MedicationView.swift */,
				C4C0A78E2D518DB500F37EEC /* HelperFunc.swift */,
				F2E6898E2D52ED8500869C4F /* HealthKitService.swift */,
				C49EC83F2D5033F9005C3495 /* AddDataView.swift */,
				C49EC8522D5038AC005C3495 /* DataInputForm.swift */,
				C49EC8332D501C5C005C3495 /* DataType.swift */,
				653A2550283387FE005D4D48 /* NeutroFeverGuard.swift */,
				2F5E32BC297E05EA003432F8 /* NeutroFeverGuardDelegate.swift */,
				2FF53D8C2A8729D600042B76 /* NeutroFeverGuardStandard.swift */,
				2F4E23822989D51F0013F3D9 /* NeutroFeverGuardTestingSetup.swift */,
				A9720E412ABB68B300872D23 /* Account */,
				2FE5DC2729EDD38D004B9AB4 /* Contacts */,
				A9A3DCC62C75CB8D00FC9B69 /* Firestore */,
				2FE5DC2829EDD398004B9AB4 /* Onboarding */,
				2FE5DC2D29EDD792004B9AB4 /* Resources */,
				2FE5DC3B29EDD7D0004B9AB4 /* Schedule */,
				2FE5DC3C29EDD7DA004B9AB4 /* SharedContext */,
				2FC9759D2978E30800BA99FE /* Supporting Files */,
				2FC975A72978F11A00BA99FE /* HomeView.swift */,
			);
			path = NeutroFeverGuard;
			sourceTree = "<group>";
		};
		653A256028338800005D4D48 /* NeutroFeverGuardTests */ = {
			isa = PBXGroup;
			children = (
				B0DF8DF62D7BFEF600581A00 /* FeverMonitorTests.swift */,
				B0E1C5C22D80D3CB009CF90A /* SkinTemperatureDecodingTests.swift */,
				653A256128338800005D4D48 /* NeutroFeverGuardTests.swift */,
				C4A367C72D73C1E1009923C9 /* DataErrorTests.swift */,
				C4C8A3B22D71204200F313AE /* HelperFuncTests.swift */,
				C49EC8372D5026EE005C3495 /* DataTypeTest.swift */,
			);
			path = NeutroFeverGuardTests;
			sourceTree = "<group>";
		};
		653A256A28338800005D4D48 /* NeutroFeverGuardUITests */ = {
			isa = PBXGroup;
			children = (
				B00991C32D7FCF2E00D9CBD5 /* BluetoothViewUITests.swift */,
				C4C8A3672D6F9E1A00F313AE /* LabViewUITests.swift */,
				C42C1C702D7AB84300EA417F /* MedicationViewUITests.swift */,
				653A256B28338800005D4D48 /* SchedulerTests.swift */,
				C4C8A35E2D6F950600F313AE /* AddDataViewTests.swift */,
				C4DEE85D2D82C09900BFBC26 /* BloodPressureTests.swift */,
				2F4E23862989DB360013F3D9 /* ContactsTests.swift */,
				5680DD3D2AB8CD84004E6D4A /* ContributionsTest.swift */,
				EB0065562D813AC900F6DA00 /* HKVisualizationTests.swift */,
				C4C479452D83F8D400DE3F33 /* HKVisualizationHKTests.swift */,
			);
			path = NeutroFeverGuardUITests;
			sourceTree = "<group>";
		};
		653A258B283395A7005D4D48 /* Frameworks */ = {
			isa = PBXGroup;
			children = (
			);
			name = Frameworks;
			sourceTree = "<group>";
		};
		A9720E412ABB68B300872D23 /* Account */ = {
			isa = PBXGroup;
			children = (
				A9FE7ACF2AA39BAB0077B045 /* AccountSheet.swift */,
				A9720E422ABB68CC00872D23 /* AccountSetupHeader.swift */,
				A9DFE8A82ABE551400428242 /* AccountButton.swift */,
			);
			path = Account;
			sourceTree = "<group>";
		};
		A9A3DCC62C75CB8D00FC9B69 /* Firestore */ = {
			isa = PBXGroup;
			children = (
				A9A3DCC72C75CB9A00FC9B69 /* FirebaseConfiguration.swift */,
			);
			path = Firestore;
			sourceTree = "<group>";
		};
		C457589E2D812AB300178E8F /* BluetoothRelated */ = {
			isa = PBXGroup;
			children = (
				C45758992D812AB300178E8F /* BluetoothService.swift */,
				C457589A2D812AB300178E8F /* BluetoothView.swift */,
				C457589B2D812AB300178E8F /* Measurements.swift */,
				C457589C2D812AB300178E8F /* MeasurementType.swift */,
				C457589D2D812AB300178E8F /* NoMeasurementWarningState.swift */,
			);
			path = BluetoothRelated;
			sourceTree = "<group>";
		};
		EB02C6512D5D39D90035AA89 /* Recovered References */ = {
			isa = PBXGroup;
			children = (
			);
			name = "Recovered References";
			sourceTree = "<group>";
		};
/* End PBXGroup section */

/* Begin PBXNativeTarget section */
		653A254C283387FE005D4D48 /* NeutroFeverGuard */ = {
			isa = PBXNativeTarget;
			buildConfigurationList = 653A257128338800005D4D48 /* Build configuration list for PBXNativeTarget "NeutroFeverGuard" */;
			buildPhases = (
				653A2549283387FE005D4D48 /* Sources */,
				653A254A283387FE005D4D48 /* Frameworks */,
				653A254B283387FE005D4D48 /* Resources */,
			);
			buildRules = (
			);
			dependencies = (
				A9E1D3432C67A3F800CED217 /* PBXTargetDependency */,
				56E7083D2BB06FCA00B08F0A /* PBXTargetDependency */,
			);
			name = NeutroFeverGuard;
			packageProductDependencies = (
				2F49B7752980407B00BCB272 /* Spezi */,
				2FE5DC6329EDD883004B9AB4 /* SpeziAccount */,
				2FE5DC6629EDD894004B9AB4 /* SpeziContact */,
				2FE5DC7129EDD8D3004B9AB4 /* SpeziHealthKit */,
				2FE5DC7429EDD8E6004B9AB4 /* SpeziFirebaseAccount */,
				2FE5DC7629EDD8E6004B9AB4 /* SpeziFirebaseConfiguration */,
				2FE5DC7829EDD8E6004B9AB4 /* SpeziFirestore */,
				2FE5DC8329EDD934004B9AB4 /* SpeziQuestionnaire */,
				2FE5DC8929EDD972004B9AB4 /* SpeziLocalStorage */,
				2FE5DC8E29EDD980004B9AB4 /* SpeziViews */,
				2FBD738B2A3BD150004228E7 /* SpeziScheduler */,
				2F3D4ABB2A4E7C290068FB2F /* SpeziScheduler */,
				2FE5DC8029EDD91D004B9AB4 /* SpeziOnboarding */,
				2FB099AE2A875DF100B20952 /* FirebaseAuth */,
				2FB099B02A875DF100B20952 /* FirebaseFirestore */,
				2FB099B52A875E2B00B20952 /* HealthKitOnFHIR */,
				9739A0C52AD7B5730084BEA5 /* FirebaseStorage */,
				97D73D692AD860AD00B47FA0 /* SpeziFirebaseStorage */,
				A9D83F952B083794000D0C78 /* SpeziFirebaseAccountStorage */,
				56E708342BB06B7100B08F0A /* SpeziLicense */,
				56E7083A2BB06F6F00B08F0A /* SwiftPackageList */,
				A94DDFFC2CBD1190004930BD /* SpeziNotifications */,
				A9947BEF2CC131ED0068AA8A /* SpeziSchedulerUI */,
				C42B98FE2D769E54005D820B /* SpeziKeychainStorage */,
				B0DF8DD32D7A88EE00581A00 /* SpeziBluetooth */,
				B0DF8DD52D7A88EE00581A00 /* SpeziBluetoothServices */,
			);
			productName = NeutroFeverGuard;
			productReference = 653A254D283387FE005D4D48 /* NeutroFeverGuard.app */;
			productType = "com.apple.product-type.application";
		};
		653A255C28338800005D4D48 /* NeutroFeverGuardTests */ = {
			isa = PBXNativeTarget;
			buildConfigurationList = 653A257428338800005D4D48 /* Build configuration list for PBXNativeTarget "NeutroFeverGuardTests" */;
			buildPhases = (
				653A255928338800005D4D48 /* Sources */,
				653A255A28338800005D4D48 /* Frameworks */,
				653A255B28338800005D4D48 /* Resources */,
			);
			buildRules = (
			);
			dependencies = (
				A9E1D3462C67B0A300CED217 /* PBXTargetDependency */,
				653A255F28338800005D4D48 /* PBXTargetDependency */,
			);
			name = NeutroFeverGuardTests;
			productName = NeutroFeverGuardTests;
			productReference = 653A255D28338800005D4D48 /* NeutroFeverGuardTests.xctest */;
			productType = "com.apple.product-type.bundle.unit-test";
		};
		653A256628338800005D4D48 /* NeutroFeverGuardUITests */ = {
			isa = PBXNativeTarget;
			buildConfigurationList = 653A257728338800005D4D48 /* Build configuration list for PBXNativeTarget "NeutroFeverGuardUITests" */;
			buildPhases = (
				653A256328338800005D4D48 /* Sources */,
				653A256428338800005D4D48 /* Frameworks */,
				653A256528338800005D4D48 /* Resources */,
			);
			buildRules = (
			);
			dependencies = (
				A9E1D3482C67B0A700CED217 /* PBXTargetDependency */,
				653A256928338800005D4D48 /* PBXTargetDependency */,
			);
			name = NeutroFeverGuardUITests;
			packageProductDependencies = (
				2FE5DC9829EDD9D9004B9AB4 /* XCTestExtensions */,
				2FE5DC9B29EDD9EF004B9AB4 /* XCTHealthKit */,
				A9947BF32CC142BD0068AA8A /* XCTSpeziNotifications */,
				A994264D2CD25EB3002F8BD5 /* XCTSpeziAccount */,
				F2A54D362D5DE24400A20113 /* FirebaseCore */,
				F2A54D382D5DE24E00A20113 /* FirebaseFirestore */,
			);
			productName = NeutroFeverGuardUITests;
			productReference = 653A256728338800005D4D48 /* NeutroFeverGuardUITests.xctest */;
			productType = "com.apple.product-type.bundle.ui-testing";
		};
/* End PBXNativeTarget section */

/* Begin PBXProject section */
		653A2545283387FE005D4D48 /* Project object */ = {
			isa = PBXProject;
			attributes = {
				BuildIndependentTargetsInParallel = 1;
				LastSwiftUpdateCheck = 1340;
				LastUpgradeCheck = 1620;
				TargetAttributes = {
					653A254C283387FE005D4D48 = {
						CreatedOnToolsVersion = 13.4;
					};
					653A255C28338800005D4D48 = {
						CreatedOnToolsVersion = 13.4;
						TestTargetID = 653A254C283387FE005D4D48;
					};
					653A256628338800005D4D48 = {
						CreatedOnToolsVersion = 13.4;
						TestTargetID = 653A254C283387FE005D4D48;
					};
				};
			};
			buildConfigurationList = 653A2548283387FE005D4D48 /* Build configuration list for PBXProject "NeutroFeverGuard" */;
			compatibilityVersion = "Xcode 15.3";
			developmentRegion = en;
			hasScannedForEncodings = 0;
			knownRegions = (
				en,
				Base,
			);
			mainGroup = 653A2544283387FE005D4D48;
			packageReferences = (
				2F49B7742980407B00BCB272 /* XCRemoteSwiftPackageReference "Spezi" */,
				2FE5DC6229EDD883004B9AB4 /* XCRemoteSwiftPackageReference "SpeziAccount" */,
				2FE5DC6529EDD894004B9AB4 /* XCRemoteSwiftPackageReference "SpeziContact" */,
				2FE5DC7029EDD8D3004B9AB4 /* XCRemoteSwiftPackageReference "SpeziHealthKit" */,
				2FE5DC7329EDD8E6004B9AB4 /* XCRemoteSwiftPackageReference "SpeziFirebase" */,
				2FE5DC8229EDD934004B9AB4 /* XCRemoteSwiftPackageReference "SpeziQuestionnaire" */,
				2FE5DC8829EDD972004B9AB4 /* XCRemoteSwiftPackageReference "SpeziStorage" */,
				2FE5DC8D29EDD980004B9AB4 /* XCRemoteSwiftPackageReference "SpeziViews" */,
				2FE5DC9029EDD9C3004B9AB4 /* XCRemoteSwiftPackageReference "firebase-ios-sdk" */,
				2FE5DC9729EDD9D9004B9AB4 /* XCRemoteSwiftPackageReference "XCTestExtensions" */,
				2FE5DC9A29EDD9EF004B9AB4 /* XCRemoteSwiftPackageReference "XCTHealthKit" */,
				2F3D4ABA2A4E7C290068FB2F /* XCRemoteSwiftPackageReference "SpeziScheduler" */,
				97F466E62A76BBEE005DC9B4 /* XCRemoteSwiftPackageReference "SpeziOnboarding" */,
				2FB099B42A875E2B00B20952 /* XCRemoteSwiftPackageReference "HealthKitOnFHIR" */,
				5661551B2AB8384200209B80 /* XCRemoteSwiftPackageReference "swift-package-list" */,
				56E708332BB06B7100B08F0A /* XCRemoteSwiftPackageReference "SpeziLicense" */,
				2F66D20D2BB723180010D555 /* XCRemoteSwiftPackageReference "SwiftLint" */,
				A945FCD32C9C6BFA00B9EBC7 /* XCRemoteSwiftPackageReference "ResearchKitOnFHIR" */,
				A94DDFFB2CBD1190004930BD /* XCRemoteSwiftPackageReference "SpeziNotifications" */,
				B0DF8DD22D7A88EE00581A00 /* XCRemoteSwiftPackageReference "SpeziBluetooth" */,
			);
			productRefGroup = 653A254E283387FE005D4D48 /* Products */;
			projectDirPath = "";
			projectRoot = "";
			targets = (
				653A254C283387FE005D4D48 /* NeutroFeverGuard */,
				653A255C28338800005D4D48 /* NeutroFeverGuardTests */,
				653A256628338800005D4D48 /* NeutroFeverGuardUITests */,
			);
		};
/* End PBXProject section */

/* Begin PBXResourcesBuildPhase section */
		653A254B283387FE005D4D48 /* Resources */ = {
			isa = PBXResourcesBuildPhase;
			buildActionMask = 2147483647;
			files = (
				2FC3439229EE634B002D773C /* ConsentDocument.md in Resources */,
				2FC3439129EE6349002D773C /* AppIcon.png in Resources */,
				653A255528338800005D4D48 /* Assets.xcassets in Resources */,
				2FC3439029EE6346002D773C /* SocialSupportQuestionnaire.json in Resources */,
				2FA0BFED2ACC977500E0EF83 /* Localizable.xcstrings in Resources */,
				2F6025CB29BBE70F0045459E /* GoogleService-Info.plist in Resources */,
			);
			runOnlyForDeploymentPostprocessing = 0;
		};
		653A255B28338800005D4D48 /* Resources */ = {
			isa = PBXResourcesBuildPhase;
			buildActionMask = 2147483647;
			files = (
			);
			runOnlyForDeploymentPostprocessing = 0;
		};
		653A256528338800005D4D48 /* Resources */ = {
			isa = PBXResourcesBuildPhase;
			buildActionMask = 2147483647;
			files = (
			);
			runOnlyForDeploymentPostprocessing = 0;
		};
/* End PBXResourcesBuildPhase section */

/* Begin PBXSourcesBuildPhase section */
		653A2549283387FE005D4D48 /* Sources */ = {
			isa = PBXSourcesBuildPhase;
			buildActionMask = 2147483647;
			files = (
				B0C95E3A2D78D5F3007A4CA6 /* FeverMonitoring.swift in Sources */,
				F223937A2D5D4095006C8EB4 /* DataError.swift in Sources */,
				EB2AED6F2D81A00900861EE2 /* MasccIndexManager.swift in Sources */,
				C49EC8532D5038AC005C3495 /* DataInputForm.swift in Sources */,
				2FE5DC4129EDD7EE004B9AB4 /* StorageKeys.swift in Sources */,
				C42C1B312D782A7600EA417F /* MedicationView.swift in Sources */,
				F268C4562D7F928C0020026F /* SymptomManager.swift in Sources */,
				2FE5DCB129EE6107004B9AB4 /* AccountOnboarding.swift in Sources */,
				2FE5DC3A29EDD7CA004B9AB4 /* Welcome.swift in Sources */,
				2FE5DC3829EDD7CA004B9AB4 /* InterestingModules.swift in Sources */,
				2FE5DC3529EDD7CA004B9AB4 /* Consent.swift in Sources */,
				B0FF4DD22D797FEA0076A043 /* NotificationManager.swift in Sources */,
				2FC975A82978F11A00BA99FE /* HomeView.swift in Sources */,
				A9DFE8A92ABE551400428242 /* AccountButton.swift in Sources */,
				C42C1C6B2D7A985B00EA417F /* MedicationManager.swift in Sources */,
				EB6FDBCE2D80133A008E9F90 /* HKVisualization.swift in Sources */,
				EB6FDBCF2D80133A008E9F90 /* HKVisualizationItem.swift in Sources */,
				B0DF8DFC2D7C117800581A00 /* HealthDataFetchable.swift in Sources */,
				A9A3DCC82C75CBBD00FC9B69 /* FirebaseConfiguration.swift in Sources */,
				2FE5DC3729EDD7CA004B9AB4 /* OnboardingFlow.swift in Sources */,
				2F1AC9DF2B4E840E00C24973 /* NeutroFeverGuard.docc in Sources */,
				2FF53D8D2A8729D600042B76 /* NeutroFeverGuardStandard.swift in Sources */,
				A9720E432ABB68CC00872D23 /* AccountSetupHeader.swift in Sources */,
				2FE5DC4029EDD7EE004B9AB4 /* FeatureFlags.swift in Sources */,
				2F4E23832989D51F0013F3D9 /* NeutroFeverGuardTestingSetup.swift in Sources */,
				C4C0A78F2D518DBC00F37EEC /* HelperFunc.swift in Sources */,
				C49EC8402D5033F9005C3495 /* AddDataView.swift in Sources */,
				C42D4DA52D5AC89900B2A169 /* LabView.swift in Sources */,
				F2E6898F2D52ED8600869C4F /* HealthKitService.swift in Sources */,
				C48838FA2D7F849E00D25764 /* RecordsView.swift in Sources */,
				C49EC8342D501C62005C3495 /* DataType.swift in Sources */,
				2FE5DC5329EDD7FA004B9AB4 /* Bundle+Questionnaire.swift in Sources */,
				2F5E32BD297E05EA003432F8 /* NeutroFeverGuardDelegate.swift in Sources */,
				2FE5DC5229EDD7FA004B9AB4 /* NeutroFeverGuardScheduler.swift in Sources */,
				A9FE7AD02AA39BAB0077B045 /* AccountSheet.swift in Sources */,
				B0D4C9382D790F65000643C7 /* LabResultsManager.swift in Sources */,
				C457589F2D812AB400178E8F /* BluetoothService.swift in Sources */,
				C45758A02D812AB400178E8F /* MeasurementType.swift in Sources */,
				C45758A12D812AB400178E8F /* NoMeasurementWarningState.swift in Sources */,
				C45758A22D812AB400178E8F /* BluetoothView.swift in Sources */,
				C45758A32D812AB400178E8F /* Measurements.swift in Sources */,
				653A2551283387FE005D4D48 /* NeutroFeverGuard.swift in Sources */,
				2FE5DC3629EDD7CA004B9AB4 /* HealthKitPermissions.swift in Sources */,
				2F65B44E2A3B8B0600A36932 /* NotificationPermissions.swift in Sources */,
				2FE5DC2629EDD38A004B9AB4 /* Contacts.swift in Sources */,
			);
			runOnlyForDeploymentPostprocessing = 0;
		};
		653A255928338800005D4D48 /* Sources */ = {
			isa = PBXSourcesBuildPhase;
			buildActionMask = 2147483647;
			files = (
				B0E1C5C32D80D3CB009CF90A /* SkinTemperatureDecodingTests.swift in Sources */,
				C4A367C82D73C1EC009923C9 /* DataErrorTests.swift in Sources */,
				B08E39F92D7C416000077929 /* FeverMonitoring.swift in Sources */,
				EB02C6612D5D52E90035AA89 /* NeutroFeverGuardTests.swift in Sources */,
				B0DF8DFD2D7C123200581A00 /* HealthDataFetchable.swift in Sources */,
				B0DF8DF72D7BFEFB00581A00 /* FeverMonitorTests.swift in Sources */,
				B03D0E482D7D24AA0024F2CA /* DataError.swift in Sources */,
				EBFA80652D81FBE600596C3C /* FeatureFlags.swift in Sources */,
				C4C8A3B32D71204200F313AE /* HelperFuncTests.swift in Sources */,
				B03D0E432D7D22700024F2CA /* HealthKitService.swift in Sources */,
				EB5D7CF92D8108BC0046BF8E /* AccountButton.swift in Sources */,
				B03D0E462D7D24030024F2CA /* DataType.swift in Sources */,
				C49EC8382D5026EE005C3495 /* DataTypeTest.swift in Sources */,
			);
			runOnlyForDeploymentPostprocessing = 0;
		};
		653A256328338800005D4D48 /* Sources */ = {
			isa = PBXSourcesBuildPhase;
			buildActionMask = 2147483647;
			files = (
				C4C479462D83F8D400DE3F33 /* HKVisualizationHKTests.swift in Sources */,
				5680DD3E2AB8CD84004E6D4A /* ContributionsTest.swift in Sources */,
				B00991C42D7FCF2E00D9CBD5 /* BluetoothViewUITests.swift in Sources */,
				C4C8A3682D6F9E2100F313AE /* LabViewUITests.swift in Sources */,
				C42C1C712D7AB84300EA417F /* MedicationViewUITests.swift in Sources */,
				C4C8A35F2D6F950600F313AE /* AddDataViewTests.swift in Sources */,
				EB0065572D813AC900F6DA00 /* HKVisualizationTests.swift in Sources */,
				2F4E23872989DB360013F3D9 /* ContactsTests.swift in Sources */,
				653A256C28338800005D4D48 /* SchedulerTests.swift in Sources */,
				C4DEE85E2D82C09900BFBC26 /* BloodPressureTests.swift in Sources */,
			);
			runOnlyForDeploymentPostprocessing = 0;
		};
/* End PBXSourcesBuildPhase section */

/* Begin PBXTargetDependency section */
		56E7083D2BB06FCA00B08F0A /* PBXTargetDependency */ = {
			isa = PBXTargetDependency;
			productRef = 56E7083C2BB06FCA00B08F0A /* SwiftPackageListPlugin */;
		};
		653A255F28338800005D4D48 /* PBXTargetDependency */ = {
			isa = PBXTargetDependency;
			target = 653A254C283387FE005D4D48 /* NeutroFeverGuard */;
			targetProxy = 653A255E28338800005D4D48 /* PBXContainerItemProxy */;
		};
		653A256928338800005D4D48 /* PBXTargetDependency */ = {
			isa = PBXTargetDependency;
			target = 653A254C283387FE005D4D48 /* NeutroFeverGuard */;
			targetProxy = 653A256828338800005D4D48 /* PBXContainerItemProxy */;
		};
		A9E1D3432C67A3F800CED217 /* PBXTargetDependency */ = {
			isa = PBXTargetDependency;
			productRef = A9E1D3422C67A3F800CED217 /* SwiftLintBuildToolPlugin */;
		};
		A9E1D3462C67B0A300CED217 /* PBXTargetDependency */ = {
			isa = PBXTargetDependency;
			productRef = A9E1D3452C67B0A300CED217 /* SwiftLintBuildToolPlugin */;
		};
		A9E1D3482C67B0A700CED217 /* PBXTargetDependency */ = {
			isa = PBXTargetDependency;
			productRef = A9E1D3472C67B0A700CED217 /* SwiftLintBuildToolPlugin */;
		};
/* End PBXTargetDependency section */

/* Begin XCBuildConfiguration section */
		2FEE10302998C89C000822E1 /* Test */ = {
			isa = XCBuildConfiguration;
			buildSettings = {
				ALWAYS_SEARCH_USER_PATHS = NO;
				ASSETCATALOG_COMPILER_GENERATE_SWIFT_ASSET_SYMBOL_EXTENSIONS = YES;
				CLANG_ANALYZER_NONNULL = YES;
				CLANG_ANALYZER_NUMBER_OBJECT_CONVERSION = YES_AGGRESSIVE;
				CLANG_CXX_LANGUAGE_STANDARD = "gnu++17";
				CLANG_ENABLE_MODULES = YES;
				CLANG_ENABLE_OBJC_ARC = YES;
				CLANG_ENABLE_OBJC_WEAK = YES;
				CLANG_WARN_BLOCK_CAPTURE_AUTORELEASING = YES;
				CLANG_WARN_BOOL_CONVERSION = YES;
				CLANG_WARN_COMMA = YES;
				CLANG_WARN_CONSTANT_CONVERSION = YES;
				CLANG_WARN_DEPRECATED_OBJC_IMPLEMENTATIONS = YES;
				CLANG_WARN_DIRECT_OBJC_ISA_USAGE = YES_ERROR;
				CLANG_WARN_DOCUMENTATION_COMMENTS = YES;
				CLANG_WARN_EMPTY_BODY = YES;
				CLANG_WARN_ENUM_CONVERSION = YES;
				CLANG_WARN_INFINITE_RECURSION = YES;
				CLANG_WARN_INT_CONVERSION = YES;
				CLANG_WARN_NON_LITERAL_NULL_CONVERSION = YES;
				CLANG_WARN_OBJC_IMPLICIT_RETAIN_SELF = YES;
				CLANG_WARN_OBJC_LITERAL_CONVERSION = YES;
				CLANG_WARN_OBJC_ROOT_CLASS = YES_ERROR;
				CLANG_WARN_QUOTED_INCLUDE_IN_FRAMEWORK_HEADER = YES;
				CLANG_WARN_RANGE_LOOP_ANALYSIS = YES;
				CLANG_WARN_STRICT_PROTOTYPES = YES;
				CLANG_WARN_SUSPICIOUS_MOVE = YES;
				CLANG_WARN_UNGUARDED_AVAILABILITY = YES_AGGRESSIVE;
				CLANG_WARN_UNREACHABLE_CODE = YES;
				CLANG_WARN__DUPLICATE_METHOD_MATCH = YES;
				COPY_PHASE_STRIP = NO;
				DEBUG_INFORMATION_FORMAT = dwarf;
				ENABLE_STRICT_OBJC_MSGSEND = YES;
				ENABLE_TESTABILITY = YES;
				ENABLE_USER_SCRIPT_SANDBOXING = YES;
				GCC_C_LANGUAGE_STANDARD = gnu11;
				GCC_DYNAMIC_NO_PIC = NO;
				GCC_NO_COMMON_BLOCKS = YES;
				GCC_OPTIMIZATION_LEVEL = 0;
				GCC_PREPROCESSOR_DEFINITIONS = (
					"DEBUG=1",
					"$(inherited)",
				);
				GCC_WARN_64_TO_32_BIT_CONVERSION = YES;
				GCC_WARN_ABOUT_RETURN_TYPE = YES_ERROR;
				GCC_WARN_UNDECLARED_SELECTOR = YES;
				GCC_WARN_UNINITIALIZED_AUTOS = YES_AGGRESSIVE;
				GCC_WARN_UNUSED_FUNCTION = YES;
				GCC_WARN_UNUSED_VARIABLE = YES;
				IPHONEOS_DEPLOYMENT_TARGET = 17.2;
				LOCALIZATION_PREFERS_STRING_CATALOGS = YES;
				MTL_ENABLE_DEBUG_INFO = INCLUDE_SOURCE;
				MTL_FAST_MATH = YES;
				ONLY_ACTIVE_ARCH = YES;
				SDKROOT = iphoneos;
				SWIFT_ACTIVE_COMPILATION_CONDITIONS = TEST;
				SWIFT_OPTIMIZATION_LEVEL = "-Onone";
				SWIFT_STRICT_CONCURRENCY = complete;
				SWIFT_VERSION = 6.0;
			};
			name = Test;
		};
		2FEE10312998C89C000822E1 /* Test */ = {
			isa = XCBuildConfiguration;
			buildSettings = {
				ASSETCATALOG_COMPILER_APPICON_NAME = AppIcon;
				ASSETCATALOG_COMPILER_GLOBAL_ACCENT_COLOR_NAME = AccentColor;
				CODE_SIGN_ENTITLEMENTS = "NeutroFeverGuard/Supporting Files/NeutroFeverGuard.entitlements";
				CODE_SIGN_IDENTITY = "Apple Development";
				CODE_SIGN_STYLE = Automatic;
				CURRENT_PROJECT_VERSION = 1;
				DEVELOPMENT_ASSET_PATHS = "";
				DEVELOPMENT_TEAM = "";
				ENABLE_PREVIEWS = YES;
				GENERATE_INFOPLIST_FILE = YES;
				INFOPLIST_FILE = "NeutroFeverGuard/Supporting Files/Info.plist";
				INFOPLIST_KEY_NSBluetoothAlwaysUsageDescription = "This app uses Bluetooth to connect to external devices for enhanced functionality.";
				INFOPLIST_KEY_NSCameraUsageDescription = "This message should never appear. Please adjust this when you start using camera information. We have to put this in here as ResearchKit has the possibility to use it and not putting it here returns an error on AppStore Connect.";
				INFOPLIST_KEY_NSHealthShareUsageDescription = "The NeutroFeverGuard uses the step count to demonstrate Spezi's integration with HealthKit.";
				INFOPLIST_KEY_NSHealthUpdateUsageDescription = "The NeutroFeverGuard uses the step count to demonstrate Spezi's integration with HealthKit.";
				INFOPLIST_KEY_NSLocationAlwaysAndWhenInUseUsageDescription = "This message should never appear. Please adjust this when you start using location information. We have to put this in here as ResearchKit has the possibility to use it and not putting it here returns an error on AppStore Connect.";
				INFOPLIST_KEY_NSLocationWhenInUseUsageDescription = "This message should never appear. Please adjust this when you start using location information. We have to put this in here as ResearchKit has the possibility to use it and not putting it here returns an error on AppStore Connect.";
				INFOPLIST_KEY_NSMicrophoneUsageDescription = "This message should never appear. Please adjust this when you start using microphone information. We have to put this in here as ResearchKit has the possibility to use it and not putting it here returns an error on AppStore Connect.";
				INFOPLIST_KEY_NSMotionUsageDescription = "This message should never appear. Please adjust this when you start using motion information. We have to put this in here as ResearchKit has the possibility to use it and not putting it here returns an error on AppStore Connect.";
				INFOPLIST_KEY_NSSpeechRecognitionUsageDescription = "This message should never appear. Please adjust this when you start using speecg information. We have to put this in here as ResearchKit has the possibility to use it and not putting it here returns an error on AppStore Connect.";
				INFOPLIST_KEY_UILaunchScreen_Generation = YES;
				INFOPLIST_KEY_UINeutroFeverGuardlicationSceneManifest_Generation = YES;
				INFOPLIST_KEY_UINeutroFeverGuardlicationSupportsIndirectInputEvents = YES;
				INFOPLIST_KEY_UISupportedInterfaceOrientations = UIInterfaceOrientationPortrait;
				INFOPLIST_KEY_UISupportedInterfaceOrientations_iPad = "UIInterfaceOrientationLandscapeLeft UIInterfaceOrientationLandscapeRight UIInterfaceOrientationPortrait UIInterfaceOrientationPortraitUpsideDown";
				IPHONEOS_DEPLOYMENT_TARGET = 18.0;
				LD_RUNPATH_SEARCH_PATHS = (
					"$(inherited)",
					"@executable_path/Frameworks",
				);
				MARKETING_VERSION = 1.0;
				PRODUCT_BUNDLE_IDENTIFIER = edu.stanford.cs342.2025.neutrofeverguard;
				PRODUCT_NAME = "$(TARGET_NAME)";
				PROVISIONING_PROFILE_SPECIFIER = "";
				SUPPORTED_PLATFORMS = "iphoneos iphonesimulator";
				SUPPORTS_MACCATALYST = NO;
				SUPPORTS_MAC_DESIGNED_FOR_IPHONE_IPAD = NO;
				"SWIFT_ELicenseRef-NeutroFeverGuard_LOC_STRINGS" = YES;
				SWIFT_EMIT_LOC_STRINGS = YES;
				TARGETED_DEVICE_FAMILY = "1,2";
			};
			name = Test;
		};
		2FEE10322998C89C000822E1 /* Test */ = {
			isa = XCBuildConfiguration;
			buildSettings = {
				BUNDLE_LOADER = "$(TEST_HOST)";
				"CODE_SIGN_IDENTITY[sdk=macosx*]" = "-";
				CODE_SIGN_STYLE = Automatic;
				CURRENT_PROJECT_VERSION = 1;
				DEVELOPMENT_TEAM = "";
				GENERATE_INFOPLIST_FILE = YES;
				IPHONEOS_DEPLOYMENT_TARGET = 18.0;
				MARKETING_VERSION = 1.0;
				PRODUCT_BUNDLE_IDENTIFIER = edu.stanford.cs342.2025.neutrofeverguard.tests;
				PRODUCT_NAME = "$(TARGET_NAME)";
				"SWIFT_ELicenseRef-NeutroFeverGuard_LOC_STRINGS" = NO;
				TARGETED_DEVICE_FAMILY = "1,2";
				TEST_HOST = "$(BUILT_PRODUCTS_DIR)/NeutroFeverGuard.app/NeutroFeverGuard";
			};
			name = Test;
		};
		2FEE10332998C89C000822E1 /* Test */ = {
			isa = XCBuildConfiguration;
			buildSettings = {
				CODE_SIGN_IDENTITY = "Apple Development";
				"CODE_SIGN_IDENTITY[sdk=macosx*]" = "-";
				CODE_SIGN_STYLE = Automatic;
				CURRENT_PROJECT_VERSION = 1;
				DEVELOPMENT_TEAM = "";
				GENERATE_INFOPLIST_FILE = YES;
				IPHONEOS_DEPLOYMENT_TARGET = 18.0;
				MARKETING_VERSION = 1.0;
				PRODUCT_BUNDLE_IDENTIFIER = edu.stanford.cs342.2025.neutrofeverguarduitests;
				PRODUCT_NAME = "$(TARGET_NAME)";
				PROVISIONING_PROFILE_SPECIFIER = "";
				"SWIFT_ELicenseRef-NeutroFeverGuard_LOC_STRINGS" = NO;
				TARGETED_DEVICE_FAMILY = "1,2";
				TEST_TARGET_NAME = NeutroFeverGuard;
			};
			name = Test;
		};
		653A256F28338800005D4D48 /* Debug */ = {
			isa = XCBuildConfiguration;
			buildSettings = {
				ALWAYS_SEARCH_USER_PATHS = NO;
				ASSETCATALOG_COMPILER_GENERATE_SWIFT_ASSET_SYMBOL_EXTENSIONS = YES;
				CLANG_ANALYZER_NONNULL = YES;
				CLANG_ANALYZER_NUMBER_OBJECT_CONVERSION = YES_AGGRESSIVE;
				CLANG_CXX_LANGUAGE_STANDARD = "gnu++17";
				CLANG_ENABLE_MODULES = YES;
				CLANG_ENABLE_OBJC_ARC = YES;
				CLANG_ENABLE_OBJC_WEAK = YES;
				CLANG_WARN_BLOCK_CAPTURE_AUTORELEASING = YES;
				CLANG_WARN_BOOL_CONVERSION = YES;
				CLANG_WARN_COMMA = YES;
				CLANG_WARN_CONSTANT_CONVERSION = YES;
				CLANG_WARN_DEPRECATED_OBJC_IMPLEMENTATIONS = YES;
				CLANG_WARN_DIRECT_OBJC_ISA_USAGE = YES_ERROR;
				CLANG_WARN_DOCUMENTATION_COMMENTS = YES;
				CLANG_WARN_EMPTY_BODY = YES;
				CLANG_WARN_ENUM_CONVERSION = YES;
				CLANG_WARN_INFINITE_RECURSION = YES;
				CLANG_WARN_INT_CONVERSION = YES;
				CLANG_WARN_NON_LITERAL_NULL_CONVERSION = YES;
				CLANG_WARN_OBJC_IMPLICIT_RETAIN_SELF = YES;
				CLANG_WARN_OBJC_LITERAL_CONVERSION = YES;
				CLANG_WARN_OBJC_ROOT_CLASS = YES_ERROR;
				CLANG_WARN_QUOTED_INCLUDE_IN_FRAMEWORK_HEADER = YES;
				CLANG_WARN_RANGE_LOOP_ANALYSIS = YES;
				CLANG_WARN_STRICT_PROTOTYPES = YES;
				CLANG_WARN_SUSPICIOUS_MOVE = YES;
				CLANG_WARN_UNGUARDED_AVAILABILITY = YES_AGGRESSIVE;
				CLANG_WARN_UNREACHABLE_CODE = YES;
				CLANG_WARN__DUPLICATE_METHOD_MATCH = YES;
				COPY_PHASE_STRIP = NO;
				DEBUG_INFORMATION_FORMAT = dwarf;
				ENABLE_STRICT_OBJC_MSGSEND = YES;
				ENABLE_TESTABILITY = YES;
				ENABLE_USER_SCRIPT_SANDBOXING = YES;
				GCC_C_LANGUAGE_STANDARD = gnu11;
				GCC_DYNAMIC_NO_PIC = NO;
				GCC_NO_COMMON_BLOCKS = YES;
				GCC_OPTIMIZATION_LEVEL = 0;
				GCC_PREPROCESSOR_DEFINITIONS = (
					"DEBUG=1",
					"$(inherited)",
				);
				GCC_WARN_64_TO_32_BIT_CONVERSION = YES;
				GCC_WARN_ABOUT_RETURN_TYPE = YES_ERROR;
				GCC_WARN_UNDECLARED_SELECTOR = YES;
				GCC_WARN_UNINITIALIZED_AUTOS = YES_AGGRESSIVE;
				GCC_WARN_UNUSED_FUNCTION = YES;
				GCC_WARN_UNUSED_VARIABLE = YES;
				IPHONEOS_DEPLOYMENT_TARGET = 17.2;
				LOCALIZATION_PREFERS_STRING_CATALOGS = YES;
				MTL_ENABLE_DEBUG_INFO = INCLUDE_SOURCE;
				MTL_FAST_MATH = YES;
				ONLY_ACTIVE_ARCH = YES;
				SDKROOT = iphoneos;
				SWIFT_ACTIVE_COMPILATION_CONDITIONS = DEBUG;
				SWIFT_OPTIMIZATION_LEVEL = "-Onone";
				SWIFT_STRICT_CONCURRENCY = complete;
				SWIFT_VERSION = 6.0;
			};
			name = Debug;
		};
		653A257028338800005D4D48 /* Release */ = {
			isa = XCBuildConfiguration;
			buildSettings = {
				ALWAYS_SEARCH_USER_PATHS = NO;
				ASSETCATALOG_COMPILER_GENERATE_SWIFT_ASSET_SYMBOL_EXTENSIONS = YES;
				CLANG_ANALYZER_NONNULL = YES;
				CLANG_ANALYZER_NUMBER_OBJECT_CONVERSION = YES_AGGRESSIVE;
				CLANG_CXX_LANGUAGE_STANDARD = "gnu++17";
				CLANG_ENABLE_MODULES = YES;
				CLANG_ENABLE_OBJC_ARC = YES;
				CLANG_ENABLE_OBJC_WEAK = YES;
				CLANG_WARN_BLOCK_CAPTURE_AUTORELEASING = YES;
				CLANG_WARN_BOOL_CONVERSION = YES;
				CLANG_WARN_COMMA = YES;
				CLANG_WARN_CONSTANT_CONVERSION = YES;
				CLANG_WARN_DEPRECATED_OBJC_IMPLEMENTATIONS = YES;
				CLANG_WARN_DIRECT_OBJC_ISA_USAGE = YES_ERROR;
				CLANG_WARN_DOCUMENTATION_COMMENTS = YES;
				CLANG_WARN_EMPTY_BODY = YES;
				CLANG_WARN_ENUM_CONVERSION = YES;
				CLANG_WARN_INFINITE_RECURSION = YES;
				CLANG_WARN_INT_CONVERSION = YES;
				CLANG_WARN_NON_LITERAL_NULL_CONVERSION = YES;
				CLANG_WARN_OBJC_IMPLICIT_RETAIN_SELF = YES;
				CLANG_WARN_OBJC_LITERAL_CONVERSION = YES;
				CLANG_WARN_OBJC_ROOT_CLASS = YES_ERROR;
				CLANG_WARN_QUOTED_INCLUDE_IN_FRAMEWORK_HEADER = YES;
				CLANG_WARN_RANGE_LOOP_ANALYSIS = YES;
				CLANG_WARN_STRICT_PROTOTYPES = YES;
				CLANG_WARN_SUSPICIOUS_MOVE = YES;
				CLANG_WARN_UNGUARDED_AVAILABILITY = YES_AGGRESSIVE;
				CLANG_WARN_UNREACHABLE_CODE = YES;
				CLANG_WARN__DUPLICATE_METHOD_MATCH = YES;
				COPY_PHASE_STRIP = NO;
				DEBUG_INFORMATION_FORMAT = "dwarf-with-dsym";
				ENABLE_NS_ASSERTIONS = NO;
				ENABLE_STRICT_OBJC_MSGSEND = YES;
				ENABLE_USER_SCRIPT_SANDBOXING = YES;
				GCC_C_LANGUAGE_STANDARD = gnu11;
				GCC_NO_COMMON_BLOCKS = YES;
				GCC_WARN_64_TO_32_BIT_CONVERSION = YES;
				GCC_WARN_ABOUT_RETURN_TYPE = YES_ERROR;
				GCC_WARN_UNDECLARED_SELECTOR = YES;
				GCC_WARN_UNINITIALIZED_AUTOS = YES_AGGRESSIVE;
				GCC_WARN_UNUSED_FUNCTION = YES;
				GCC_WARN_UNUSED_VARIABLE = YES;
				IPHONEOS_DEPLOYMENT_TARGET = 17.2;
				LOCALIZATION_PREFERS_STRING_CATALOGS = YES;
				MTL_ENABLE_DEBUG_INFO = NO;
				MTL_FAST_MATH = YES;
				SDKROOT = iphoneos;
				SWIFT_COMPILATION_MODE = wholemodule;
				SWIFT_OPTIMIZATION_LEVEL = "-O";
				SWIFT_STRICT_CONCURRENCY = complete;
				SWIFT_VERSION = 6.0;
				VALIDATE_PRODUCT = YES;
			};
			name = Release;
		};
		653A257228338800005D4D48 /* Debug */ = {
			isa = XCBuildConfiguration;
			buildSettings = {
				ASSETCATALOG_COMPILER_APPICON_NAME = AppIcon;
				ASSETCATALOG_COMPILER_GLOBAL_ACCENT_COLOR_NAME = AccentColor;
				CODE_SIGN_ENTITLEMENTS = "NeutroFeverGuard/Supporting Files/NeutroFeverGuard.entitlements";
				CODE_SIGN_IDENTITY = "Apple Development";
				CODE_SIGN_STYLE = Manual;
				CURRENT_PROJECT_VERSION = 1;
				DEVELOPMENT_ASSET_PATHS = "";
				DEVELOPMENT_TEAM = "";
				ENABLE_PREVIEWS = YES;
				GENERATE_INFOPLIST_FILE = YES;
				INFOPLIST_FILE = "NeutroFeverGuard/Supporting Files/Info.plist";
				INFOPLIST_KEY_NSBluetoothAlwaysUsageDescription = "This app uses Bluetooth to connect to external devices for enhanced functionality.";
				INFOPLIST_KEY_NSCameraUsageDescription = "This message should never appear. Please adjust this when you start using camera information. We have to put this in here as ResearchKit has the possibility to use it and not putting it here returns an error on AppStore Connect.";
				INFOPLIST_KEY_NSHealthShareUsageDescription = "The NeutroFeverGuard uses the step count to demonstrate Spezi's integration with HealthKit.";
				INFOPLIST_KEY_NSHealthUpdateUsageDescription = "The NeutroFeverGuard uses the step count to demonstrate Spezi's integration with HealthKit.";
				INFOPLIST_KEY_NSLocationAlwaysAndWhenInUseUsageDescription = "This message should never appear. Please adjust this when you start using location information. We have to put this in here as ResearchKit has the possibility to use it and not putting it here returns an error on AppStore Connect.";
				INFOPLIST_KEY_NSLocationWhenInUseUsageDescription = "This message should never appear. Please adjust this when you start using location information. We have to put this in here as ResearchKit has the possibility to use it and not putting it here returns an error on AppStore Connect.";
				INFOPLIST_KEY_NSMicrophoneUsageDescription = "This message should never appear. Please adjust this when you start using microphone information. We have to put this in here as ResearchKit has the possibility to use it and not putting it here returns an error on AppStore Connect.";
				INFOPLIST_KEY_NSMotionUsageDescription = "This message should never appear. Please adjust this when you start using motion information. We have to put this in here as ResearchKit has the possibility to use it and not putting it here returns an error on AppStore Connect.";
				INFOPLIST_KEY_NSSpeechRecognitionUsageDescription = "This message should never appear. Please adjust this when you start using speecg information. We have to put this in here as ResearchKit has the possibility to use it and not putting it here returns an error on AppStore Connect.";
				INFOPLIST_KEY_UILaunchScreen_Generation = YES;
				INFOPLIST_KEY_UINeutroFeverGuardlicationSceneManifest_Generation = YES;
				INFOPLIST_KEY_UINeutroFeverGuardlicationSupportsIndirectInputEvents = YES;
				INFOPLIST_KEY_UISupportedInterfaceOrientations = UIInterfaceOrientationPortrait;
				INFOPLIST_KEY_UISupportedInterfaceOrientations_iPad = "UIInterfaceOrientationLandscapeLeft UIInterfaceOrientationLandscapeRight UIInterfaceOrientationPortrait UIInterfaceOrientationPortraitUpsideDown";
				IPHONEOS_DEPLOYMENT_TARGET = 18.0;
				LD_RUNPATH_SEARCH_PATHS = (
					"$(inherited)",
					"@executable_path/Frameworks",
				);
				MARKETING_VERSION = 1.0;
				PRODUCT_BUNDLE_IDENTIFIER = edu.stanford.cs342.2025.neutrofeverguard;
				PRODUCT_NAME = "$(TARGET_NAME)";
				PROVISIONING_PROFILE_SPECIFIER = "";
				SUPPORTED_PLATFORMS = "iphoneos iphonesimulator";
				SUPPORTS_MACCATALYST = NO;
				SUPPORTS_MAC_DESIGNED_FOR_IPHONE_IPAD = NO;
				"SWIFT_ELicenseRef-NeutroFeverGuard_LOC_STRINGS" = YES;
				SWIFT_EMIT_LOC_STRINGS = YES;
				TARGETED_DEVICE_FAMILY = "1,2";
			};
			name = Debug;
		};
		653A257328338800005D4D48 /* Release */ = {
			isa = XCBuildConfiguration;
			buildSettings = {
				ASSETCATALOG_COMPILER_APPICON_NAME = AppIcon;
				ASSETCATALOG_COMPILER_GLOBAL_ACCENT_COLOR_NAME = AccentColor;
				CODE_SIGN_ENTITLEMENTS = "NeutroFeverGuard/Supporting Files/NeutroFeverGuard.entitlements";
				CODE_SIGN_IDENTITY = "Apple Development";
				"CODE_SIGN_IDENTITY[sdk=iphoneos*]" = "iPhone Distribution";
				CODE_SIGN_STYLE = Manual;
				CURRENT_PROJECT_VERSION = 1;
				DEVELOPMENT_ASSET_PATHS = "";
				DEVELOPMENT_TEAM = "";
				"DEVELOPMENT_TEAM[sdk=iphoneos*]" = 637867499T;
				ENABLE_PREVIEWS = YES;
				GENERATE_INFOPLIST_FILE = YES;
				INFOPLIST_FILE = "NeutroFeverGuard/Supporting Files/Info.plist";
				INFOPLIST_KEY_NSBluetoothAlwaysUsageDescription = "This app uses Bluetooth to connect to external devices for enhanced functionality.";
				INFOPLIST_KEY_NSCameraUsageDescription = "This message should never appear. Please adjust this when you start using camera information. We have to put this in here as ResearchKit has the possibility to use it and not putting it here returns an error on AppStore Connect.";
				INFOPLIST_KEY_NSHealthShareUsageDescription = "The NeutroFeverGuard uses the step count to demonstrate Spezi's integration with HealthKit.";
				INFOPLIST_KEY_NSHealthUpdateUsageDescription = "The NeutroFeverGuard uses the step count to demonstrate Spezi's integration with HealthKit.";
				INFOPLIST_KEY_NSLocationAlwaysAndWhenInUseUsageDescription = "This message should never appear. Please adjust this when you start using location information. We have to put this in here as ResearchKit has the possibility to use it and not putting it here returns an error on AppStore Connect.";
				INFOPLIST_KEY_NSLocationWhenInUseUsageDescription = "This message should never appear. Please adjust this when you start using location information. We have to put this in here as ResearchKit has the possibility to use it and not putting it here returns an error on AppStore Connect.";
				INFOPLIST_KEY_NSMicrophoneUsageDescription = "This message should never appear. Please adjust this when you start using microphone information. We have to put this in here as ResearchKit has the possibility to use it and not putting it here returns an error on AppStore Connect.";
				INFOPLIST_KEY_NSMotionUsageDescription = "This message should never appear. Please adjust this when you start using motion information. We have to put this in here as ResearchKit has the possibility to use it and not putting it here returns an error on AppStore Connect.";
				INFOPLIST_KEY_NSSpeechRecognitionUsageDescription = "This message should never appear. Please adjust this when you start using speecg information. We have to put this in here as ResearchKit has the possibility to use it and not putting it here returns an error on AppStore Connect.";
				INFOPLIST_KEY_UILaunchScreen_Generation = YES;
				INFOPLIST_KEY_UINeutroFeverGuardlicationSceneManifest_Generation = YES;
				INFOPLIST_KEY_UINeutroFeverGuardlicationSupportsIndirectInputEvents = YES;
				INFOPLIST_KEY_UISupportedInterfaceOrientations = UIInterfaceOrientationPortrait;
				INFOPLIST_KEY_UISupportedInterfaceOrientations_iPad = "UIInterfaceOrientationLandscapeLeft UIInterfaceOrientationLandscapeRight UIInterfaceOrientationPortrait UIInterfaceOrientationPortraitUpsideDown";
				IPHONEOS_DEPLOYMENT_TARGET = 18.0;
				LD_RUNPATH_SEARCH_PATHS = (
					"$(inherited)",
					"@executable_path/Frameworks",
				);
				MARKETING_VERSION = 1.0;
				PRODUCT_BUNDLE_IDENTIFIER = edu.stanford.cs342.2025.neutrofeverguard;
				PRODUCT_NAME = "$(TARGET_NAME)";
				PROVISIONING_PROFILE_SPECIFIER = "";
				"PROVISIONING_PROFILE_SPECIFIER[sdk=iphoneos*]" = "CS342 2025 NeutroFeverGuard";
				SUPPORTED_PLATFORMS = "iphoneos iphonesimulator";
				SUPPORTS_MACCATALYST = NO;
				SUPPORTS_MAC_DESIGNED_FOR_IPHONE_IPAD = NO;
				"SWIFT_ELicenseRef-NeutroFeverGuard_LOC_STRINGS" = YES;
				SWIFT_EMIT_LOC_STRINGS = YES;
				TARGETED_DEVICE_FAMILY = "1,2";
			};
			name = Release;
		};
		653A257528338800005D4D48 /* Debug */ = {
			isa = XCBuildConfiguration;
			buildSettings = {
				BUNDLE_LOADER = "$(TEST_HOST)";
				"CODE_SIGN_IDENTITY[sdk=macosx*]" = "-";
				CODE_SIGN_STYLE = Automatic;
				CURRENT_PROJECT_VERSION = 1;
				DEVELOPMENT_TEAM = "";
				GENERATE_INFOPLIST_FILE = YES;
				IPHONEOS_DEPLOYMENT_TARGET = 18.0;
				MARKETING_VERSION = 1.0;
				PRODUCT_BUNDLE_IDENTIFIER = edu.stanford.cs342.2025.neutrofeverguard.tests;
				PRODUCT_NAME = "$(TARGET_NAME)";
				"SWIFT_ELicenseRef-NeutroFeverGuard_LOC_STRINGS" = NO;
				TARGETED_DEVICE_FAMILY = "1,2";
				TEST_HOST = "$(BUILT_PRODUCTS_DIR)/NeutroFeverGuard.app/NeutroFeverGuard";
			};
			name = Debug;
		};
		653A257628338800005D4D48 /* Release */ = {
			isa = XCBuildConfiguration;
			buildSettings = {
				BUNDLE_LOADER = "$(TEST_HOST)";
				"CODE_SIGN_IDENTITY[sdk=macosx*]" = "-";
				CODE_SIGN_STYLE = Automatic;
				CURRENT_PROJECT_VERSION = 1;
				DEVELOPMENT_TEAM = "";
				GENERATE_INFOPLIST_FILE = YES;
				IPHONEOS_DEPLOYMENT_TARGET = 18.0;
				MARKETING_VERSION = 1.0;
				PRODUCT_BUNDLE_IDENTIFIER = edu.stanford.cs342.2025.neutrofeverguard.tests;
				PRODUCT_NAME = "$(TARGET_NAME)";
				"SWIFT_ELicenseRef-NeutroFeverGuard_LOC_STRINGS" = NO;
				TARGETED_DEVICE_FAMILY = "1,2";
				TEST_HOST = "$(BUILT_PRODUCTS_DIR)/NeutroFeverGuard.app/NeutroFeverGuard";
			};
			name = Release;
		};
		653A257828338800005D4D48 /* Debug */ = {
			isa = XCBuildConfiguration;
			buildSettings = {
				CODE_SIGN_IDENTITY = "Apple Development";
				"CODE_SIGN_IDENTITY[sdk=macosx*]" = "-";
				CODE_SIGN_STYLE = Automatic;
				CURRENT_PROJECT_VERSION = 1;
				DEVELOPMENT_TEAM = "";
				GENERATE_INFOPLIST_FILE = YES;
				IPHONEOS_DEPLOYMENT_TARGET = 18.0;
				MARKETING_VERSION = 1.0;
				PRODUCT_BUNDLE_IDENTIFIER = edu.stanford.cs342.2025.neutrofeverguarduitests;
				PRODUCT_NAME = "$(TARGET_NAME)";
				PROVISIONING_PROFILE_SPECIFIER = "";
				"SWIFT_ELicenseRef-NeutroFeverGuard_LOC_STRINGS" = NO;
				TARGETED_DEVICE_FAMILY = "1,2";
				TEST_TARGET_NAME = NeutroFeverGuard;
			};
			name = Debug;
		};
		653A257928338800005D4D48 /* Release */ = {
			isa = XCBuildConfiguration;
			buildSettings = {
				CODE_SIGN_IDENTITY = "Apple Development";
				"CODE_SIGN_IDENTITY[sdk=macosx*]" = "-";
				CODE_SIGN_STYLE = Automatic;
				CURRENT_PROJECT_VERSION = 1;
				DEVELOPMENT_TEAM = "";
				GENERATE_INFOPLIST_FILE = YES;
				IPHONEOS_DEPLOYMENT_TARGET = 18.0;
				MARKETING_VERSION = 1.0;
				PRODUCT_BUNDLE_IDENTIFIER = edu.stanford.cs342.2025.neutrofeverguarduitests;
				PRODUCT_NAME = "$(TARGET_NAME)";
				PROVISIONING_PROFILE_SPECIFIER = "";
				"SWIFT_ELicenseRef-NeutroFeverGuard_LOC_STRINGS" = NO;
				TARGETED_DEVICE_FAMILY = "1,2";
				TEST_TARGET_NAME = NeutroFeverGuard;
			};
			name = Release;
		};
/* End XCBuildConfiguration section */

/* Begin XCConfigurationList section */
		653A2548283387FE005D4D48 /* Build configuration list for PBXProject "NeutroFeverGuard" */ = {
			isa = XCConfigurationList;
			buildConfigurations = (
				653A256F28338800005D4D48 /* Debug */,
				2FEE10302998C89C000822E1 /* Test */,
				653A257028338800005D4D48 /* Release */,
			);
			defaultConfigurationIsVisible = 0;
			defaultConfigurationName = Release;
		};
		653A257128338800005D4D48 /* Build configuration list for PBXNativeTarget "NeutroFeverGuard" */ = {
			isa = XCConfigurationList;
			buildConfigurations = (
				653A257228338800005D4D48 /* Debug */,
				2FEE10312998C89C000822E1 /* Test */,
				653A257328338800005D4D48 /* Release */,
			);
			defaultConfigurationIsVisible = 0;
			defaultConfigurationName = Release;
		};
		653A257428338800005D4D48 /* Build configuration list for PBXNativeTarget "NeutroFeverGuardTests" */ = {
			isa = XCConfigurationList;
			buildConfigurations = (
				653A257528338800005D4D48 /* Debug */,
				2FEE10322998C89C000822E1 /* Test */,
				653A257628338800005D4D48 /* Release */,
			);
			defaultConfigurationIsVisible = 0;
			defaultConfigurationName = Release;
		};
		653A257728338800005D4D48 /* Build configuration list for PBXNativeTarget "NeutroFeverGuardUITests" */ = {
			isa = XCConfigurationList;
			buildConfigurations = (
				653A257828338800005D4D48 /* Debug */,
				2FEE10332998C89C000822E1 /* Test */,
				653A257928338800005D4D48 /* Release */,
			);
			defaultConfigurationIsVisible = 0;
			defaultConfigurationName = Release;
		};
/* End XCConfigurationList section */

/* Begin XCRemoteSwiftPackageReference section */
		2F3D4ABA2A4E7C290068FB2F /* XCRemoteSwiftPackageReference "SpeziScheduler" */ = {
			isa = XCRemoteSwiftPackageReference;
			repositoryURL = "https://github.com/StanfordSpezi/SpeziScheduler.git";
			requirement = {
				branch = "lukas/improve-shadowed-outcome-handling";
				kind = branch;
			};
		};
		2F49B7742980407B00BCB272 /* XCRemoteSwiftPackageReference "Spezi" */ = {
			isa = XCRemoteSwiftPackageReference;
			repositoryURL = "https://github.com/StanfordSpezi/Spezi.git";
			requirement = {
				kind = upToNextMajorVersion;
				minimumVersion = 1.8.0;
			};
		};
		2F66D20D2BB723180010D555 /* XCRemoteSwiftPackageReference "SwiftLint" */ = {
			isa = XCRemoteSwiftPackageReference;
			repositoryURL = "https://github.com/realm/SwiftLint.git";
			requirement = {
				kind = upToNextMajorVersion;
				minimumVersion = 0.56.0;
			};
		};
		2FB099B42A875E2B00B20952 /* XCRemoteSwiftPackageReference "HealthKitOnFHIR" */ = {
			isa = XCRemoteSwiftPackageReference;
			repositoryURL = "https://github.com/StanfordBDHG/HealthKitOnFHIR.git";
			requirement = {
				kind = upToNextMinorVersion;
				minimumVersion = 0.2.4;
			};
		};
		2FE5DC6229EDD883004B9AB4 /* XCRemoteSwiftPackageReference "SpeziAccount" */ = {
			isa = XCRemoteSwiftPackageReference;
			repositoryURL = "https://github.com/StanfordSpezi/SpeziAccount.git";
			requirement = {
				kind = upToNextMajorVersion;
				minimumVersion = 2.1.2;
			};
		};
		2FE5DC6529EDD894004B9AB4 /* XCRemoteSwiftPackageReference "SpeziContact" */ = {
			isa = XCRemoteSwiftPackageReference;
			repositoryURL = "https://github.com/StanfordSpezi/SpeziContact.git";
			requirement = {
				kind = upToNextMajorVersion;
				minimumVersion = 1.0.2;
			};
		};
		2FE5DC7029EDD8D3004B9AB4 /* XCRemoteSwiftPackageReference "SpeziHealthKit" */ = {
			isa = XCRemoteSwiftPackageReference;
			repositoryURL = "https://github.com/StanfordSpezi/SpeziHealthKit.git";
			requirement = {
				kind = exactVersion;
				version = "1.0.0-beta.3";
			};
		};
		2FE5DC7329EDD8E6004B9AB4 /* XCRemoteSwiftPackageReference "SpeziFirebase" */ = {
			isa = XCRemoteSwiftPackageReference;
			repositoryURL = "https://github.com/StanfordSpezi/SpeziFirebase.git";
			requirement = {
				kind = upToNextMajorVersion;
				minimumVersion = 2.0.0;
			};
		};
		2FE5DC8229EDD934004B9AB4 /* XCRemoteSwiftPackageReference "SpeziQuestionnaire" */ = {
			isa = XCRemoteSwiftPackageReference;
			repositoryURL = "https://github.com/StanfordSpezi/SpeziQuestionnaire.git";
			requirement = {
				kind = upToNextMajorVersion;
				minimumVersion = 1.2.3;
			};
		};
		2FE5DC8829EDD972004B9AB4 /* XCRemoteSwiftPackageReference "SpeziStorage" */ = {
			isa = XCRemoteSwiftPackageReference;
			repositoryURL = "https://github.com/StanfordSpezi/SpeziStorage.git";
			requirement = {
				kind = upToNextMajorVersion;
				minimumVersion = 2.0.0;
			};
		};
		2FE5DC8D29EDD980004B9AB4 /* XCRemoteSwiftPackageReference "SpeziViews" */ = {
			isa = XCRemoteSwiftPackageReference;
			repositoryURL = "https://github.com/StanfordSpezi/SpeziViews.git";
			requirement = {
				kind = upToNextMajorVersion;
				minimumVersion = 1.8.0;
			};
		};
		2FE5DC9029EDD9C3004B9AB4 /* XCRemoteSwiftPackageReference "firebase-ios-sdk" */ = {
			isa = XCRemoteSwiftPackageReference;
			repositoryURL = "https://github.com/firebase/firebase-ios-sdk.git";
			requirement = {
				kind = upToNextMajorVersion;
				minimumVersion = 11.0.0;
			};
		};
		2FE5DC9729EDD9D9004B9AB4 /* XCRemoteSwiftPackageReference "XCTestExtensions" */ = {
			isa = XCRemoteSwiftPackageReference;
			repositoryURL = "https://github.com/StanfordBDHG/XCTestExtensions.git";
			requirement = {
				kind = upToNextMajorVersion;
				minimumVersion = 1.0.0;
			};
		};
		2FE5DC9A29EDD9EF004B9AB4 /* XCRemoteSwiftPackageReference "XCTHealthKit" */ = {
			isa = XCRemoteSwiftPackageReference;
			repositoryURL = "https://github.com/StanfordBDHG/XCTHealthKit.git";
			requirement = {
				kind = upToNextMinorVersion;
				minimumVersion = 0.3.5;
			};
		};
		5661551B2AB8384200209B80 /* XCRemoteSwiftPackageReference "swift-package-list" */ = {
			isa = XCRemoteSwiftPackageReference;
			repositoryURL = "https://github.com/FelixHerrmann/swift-package-list";
			requirement = {
				kind = upToNextMajorVersion;
				minimumVersion = 4.1.0;
			};
		};
		56E708332BB06B7100B08F0A /* XCRemoteSwiftPackageReference "SpeziLicense" */ = {
			isa = XCRemoteSwiftPackageReference;
			repositoryURL = "https://github.com/StanfordSpezi/SpeziLicense.git";
			requirement = {
				kind = upToNextMinorVersion;
				minimumVersion = 0.1.1;
			};
		};
		97F466E62A76BBEE005DC9B4 /* XCRemoteSwiftPackageReference "SpeziOnboarding" */ = {
			isa = XCRemoteSwiftPackageReference;
			repositoryURL = "https://github.com/StanfordSpezi/SpeziOnboarding.git";
			requirement = {
				kind = upToNextMajorVersion;
				minimumVersion = 1.2.1;
			};
		};
		A945FCD32C9C6BFA00B9EBC7 /* XCRemoteSwiftPackageReference "ResearchKitOnFHIR" */ = {
			isa = XCRemoteSwiftPackageReference;
			repositoryURL = "https://github.com/StanfordBDHG/ResearchKitOnFHIR.git";
			requirement = {
				kind = upToNextMajorVersion;
				minimumVersion = 2.0.2;
			};
		};
		A94DDFFB2CBD1190004930BD /* XCRemoteSwiftPackageReference "SpeziNotifications" */ = {
			isa = XCRemoteSwiftPackageReference;
			repositoryURL = "https://github.com/StanfordSpezi/SpeziNotifications.git";
			requirement = {
				kind = upToNextMajorVersion;
				minimumVersion = 1.0.2;
			};
		};
		B0DF8DD22D7A88EE00581A00 /* XCRemoteSwiftPackageReference "SpeziBluetooth" */ = {
			isa = XCRemoteSwiftPackageReference;
			repositoryURL = "https://github.com/StanfordSpezi/SpeziBluetooth.git";
			requirement = {
				kind = upToNextMajorVersion;
				minimumVersion = 3.2.0;
			};
		};
/* End XCRemoteSwiftPackageReference section */

/* Begin XCSwiftPackageProductDependency section */
		2F3D4ABB2A4E7C290068FB2F /* SpeziScheduler */ = {
			isa = XCSwiftPackageProductDependency;
			package = 2F3D4ABA2A4E7C290068FB2F /* XCRemoteSwiftPackageReference "SpeziScheduler" */;
			productName = SpeziScheduler;
		};
		2F49B7752980407B00BCB272 /* Spezi */ = {
			isa = XCSwiftPackageProductDependency;
			package = 2F49B7742980407B00BCB272 /* XCRemoteSwiftPackageReference "Spezi" */;
			productName = Spezi;
		};
		2FB099AE2A875DF100B20952 /* FirebaseAuth */ = {
			isa = XCSwiftPackageProductDependency;
			package = 2FE5DC9029EDD9C3004B9AB4 /* XCRemoteSwiftPackageReference "firebase-ios-sdk" */;
			productName = FirebaseAuth;
		};
		2FB099B02A875DF100B20952 /* FirebaseFirestore */ = {
			isa = XCSwiftPackageProductDependency;
			package = 2FE5DC9029EDD9C3004B9AB4 /* XCRemoteSwiftPackageReference "firebase-ios-sdk" */;
			productName = FirebaseFirestore;
		};
		2FB099B52A875E2B00B20952 /* HealthKitOnFHIR */ = {
			isa = XCSwiftPackageProductDependency;
			package = 2FB099B42A875E2B00B20952 /* XCRemoteSwiftPackageReference "HealthKitOnFHIR" */;
			productName = HealthKitOnFHIR;
		};
		2FBD738B2A3BD150004228E7 /* SpeziScheduler */ = {
			isa = XCSwiftPackageProductDependency;
			productName = SpeziScheduler;
		};
		2FE5DC6329EDD883004B9AB4 /* SpeziAccount */ = {
			isa = XCSwiftPackageProductDependency;
			package = 2FE5DC6229EDD883004B9AB4 /* XCRemoteSwiftPackageReference "SpeziAccount" */;
			productName = SpeziAccount;
		};
		2FE5DC6629EDD894004B9AB4 /* SpeziContact */ = {
			isa = XCSwiftPackageProductDependency;
			package = 2FE5DC6529EDD894004B9AB4 /* XCRemoteSwiftPackageReference "SpeziContact" */;
			productName = SpeziContact;
		};
		2FE5DC7129EDD8D3004B9AB4 /* SpeziHealthKit */ = {
			isa = XCSwiftPackageProductDependency;
			package = 2FE5DC7029EDD8D3004B9AB4 /* XCRemoteSwiftPackageReference "SpeziHealthKit" */;
			productName = SpeziHealthKit;
		};
		2FE5DC7429EDD8E6004B9AB4 /* SpeziFirebaseAccount */ = {
			isa = XCSwiftPackageProductDependency;
			package = 2FE5DC7329EDD8E6004B9AB4 /* XCRemoteSwiftPackageReference "SpeziFirebase" */;
			productName = SpeziFirebaseAccount;
		};
		2FE5DC7629EDD8E6004B9AB4 /* SpeziFirebaseConfiguration */ = {
			isa = XCSwiftPackageProductDependency;
			package = 2FE5DC7329EDD8E6004B9AB4 /* XCRemoteSwiftPackageReference "SpeziFirebase" */;
			productName = SpeziFirebaseConfiguration;
		};
		2FE5DC7829EDD8E6004B9AB4 /* SpeziFirestore */ = {
			isa = XCSwiftPackageProductDependency;
			package = 2FE5DC7329EDD8E6004B9AB4 /* XCRemoteSwiftPackageReference "SpeziFirebase" */;
			productName = SpeziFirestore;
		};
		2FE5DC8029EDD91D004B9AB4 /* SpeziOnboarding */ = {
			isa = XCSwiftPackageProductDependency;
			package = 97F466E62A76BBEE005DC9B4 /* XCRemoteSwiftPackageReference "SpeziOnboarding" */;
			productName = SpeziOnboarding;
		};
		2FE5DC8329EDD934004B9AB4 /* SpeziQuestionnaire */ = {
			isa = XCSwiftPackageProductDependency;
			package = 2FE5DC8229EDD934004B9AB4 /* XCRemoteSwiftPackageReference "SpeziQuestionnaire" */;
			productName = SpeziQuestionnaire;
		};
		2FE5DC8929EDD972004B9AB4 /* SpeziLocalStorage */ = {
			isa = XCSwiftPackageProductDependency;
			package = 2FE5DC8829EDD972004B9AB4 /* XCRemoteSwiftPackageReference "SpeziStorage" */;
			productName = SpeziLocalStorage;
		};
		2FE5DC8E29EDD980004B9AB4 /* SpeziViews */ = {
			isa = XCSwiftPackageProductDependency;
			package = 2FE5DC8D29EDD980004B9AB4 /* XCRemoteSwiftPackageReference "SpeziViews" */;
			productName = SpeziViews;
		};
		2FE5DC9829EDD9D9004B9AB4 /* XCTestExtensions */ = {
			isa = XCSwiftPackageProductDependency;
			package = 2FE5DC9729EDD9D9004B9AB4 /* XCRemoteSwiftPackageReference "XCTestExtensions" */;
			productName = XCTestExtensions;
		};
		2FE5DC9B29EDD9EF004B9AB4 /* XCTHealthKit */ = {
			isa = XCSwiftPackageProductDependency;
			package = 2FE5DC9A29EDD9EF004B9AB4 /* XCRemoteSwiftPackageReference "XCTHealthKit" */;
			productName = XCTHealthKit;
		};
		56E708342BB06B7100B08F0A /* SpeziLicense */ = {
			isa = XCSwiftPackageProductDependency;
			package = 56E708332BB06B7100B08F0A /* XCRemoteSwiftPackageReference "SpeziLicense" */;
			productName = SpeziLicense;
		};
		56E7083A2BB06F6F00B08F0A /* SwiftPackageList */ = {
			isa = XCSwiftPackageProductDependency;
			package = 5661551B2AB8384200209B80 /* XCRemoteSwiftPackageReference "swift-package-list" */;
			productName = SwiftPackageList;
		};
		56E7083C2BB06FCA00B08F0A /* SwiftPackageListPlugin */ = {
			isa = XCSwiftPackageProductDependency;
			package = 5661551B2AB8384200209B80 /* XCRemoteSwiftPackageReference "swift-package-list" */;
			productName = "plugin:SwiftPackageListPlugin";
		};
		9739A0C52AD7B5730084BEA5 /* FirebaseStorage */ = {
			isa = XCSwiftPackageProductDependency;
			package = 2FE5DC9029EDD9C3004B9AB4 /* XCRemoteSwiftPackageReference "firebase-ios-sdk" */;
			productName = FirebaseStorage;
		};
		97D73D692AD860AD00B47FA0 /* SpeziFirebaseStorage */ = {
			isa = XCSwiftPackageProductDependency;
			package = 2FE5DC7329EDD8E6004B9AB4 /* XCRemoteSwiftPackageReference "SpeziFirebase" */;
			productName = SpeziFirebaseStorage;
		};
		A94DDFFC2CBD1190004930BD /* SpeziNotifications */ = {
			isa = XCSwiftPackageProductDependency;
			package = A94DDFFB2CBD1190004930BD /* XCRemoteSwiftPackageReference "SpeziNotifications" */;
			productName = SpeziNotifications;
		};
		A994264D2CD25EB3002F8BD5 /* XCTSpeziAccount */ = {
			isa = XCSwiftPackageProductDependency;
			package = 2FE5DC6229EDD883004B9AB4 /* XCRemoteSwiftPackageReference "SpeziAccount" */;
			productName = XCTSpeziAccount;
		};
		A9947BEF2CC131ED0068AA8A /* SpeziSchedulerUI */ = {
			isa = XCSwiftPackageProductDependency;
			package = 2F3D4ABA2A4E7C290068FB2F /* XCRemoteSwiftPackageReference "SpeziScheduler" */;
			productName = SpeziSchedulerUI;
		};
		A9947BF32CC142BD0068AA8A /* XCTSpeziNotifications */ = {
			isa = XCSwiftPackageProductDependency;
			package = A94DDFFB2CBD1190004930BD /* XCRemoteSwiftPackageReference "SpeziNotifications" */;
			productName = XCTSpeziNotifications;
		};
		A9D83F952B083794000D0C78 /* SpeziFirebaseAccountStorage */ = {
			isa = XCSwiftPackageProductDependency;
			package = 2FE5DC7329EDD8E6004B9AB4 /* XCRemoteSwiftPackageReference "SpeziFirebase" */;
			productName = SpeziFirebaseAccountStorage;
		};
		A9E1D3422C67A3F800CED217 /* SwiftLintBuildToolPlugin */ = {
			isa = XCSwiftPackageProductDependency;
			package = 2F66D20D2BB723180010D555 /* XCRemoteSwiftPackageReference "SwiftLint" */;
			productName = "plugin:SwiftLintBuildToolPlugin";
		};
		A9E1D3452C67B0A300CED217 /* SwiftLintBuildToolPlugin */ = {
			isa = XCSwiftPackageProductDependency;
			package = 2F66D20D2BB723180010D555 /* XCRemoteSwiftPackageReference "SwiftLint" */;
			productName = "plugin:SwiftLintBuildToolPlugin";
		};
		A9E1D3472C67B0A700CED217 /* SwiftLintBuildToolPlugin */ = {
			isa = XCSwiftPackageProductDependency;
			package = 2F66D20D2BB723180010D555 /* XCRemoteSwiftPackageReference "SwiftLint" */;
			productName = "plugin:SwiftLintBuildToolPlugin";
		};
		B0DF8DD32D7A88EE00581A00 /* SpeziBluetooth */ = {
			isa = XCSwiftPackageProductDependency;
			package = B0DF8DD22D7A88EE00581A00 /* XCRemoteSwiftPackageReference "SpeziBluetooth" */;
			productName = SpeziBluetooth;
		};
		B0DF8DD52D7A88EE00581A00 /* SpeziBluetoothServices */ = {
			isa = XCSwiftPackageProductDependency;
			package = B0DF8DD22D7A88EE00581A00 /* XCRemoteSwiftPackageReference "SpeziBluetooth" */;
			productName = SpeziBluetoothServices;
		};
		C42B98FE2D769E54005D820B /* SpeziKeychainStorage */ = {
			isa = XCSwiftPackageProductDependency;
			package = 2FE5DC8829EDD972004B9AB4 /* XCRemoteSwiftPackageReference "SpeziStorage" */;
			productName = SpeziKeychainStorage;
		};
		F2A54D362D5DE24400A20113 /* FirebaseCore */ = {
			isa = XCSwiftPackageProductDependency;
			package = 2FE5DC9029EDD9C3004B9AB4 /* XCRemoteSwiftPackageReference "firebase-ios-sdk" */;
			productName = FirebaseCore;
		};
		F2A54D382D5DE24E00A20113 /* FirebaseFirestore */ = {
			isa = XCSwiftPackageProductDependency;
			package = 2FE5DC9029EDD9C3004B9AB4 /* XCRemoteSwiftPackageReference "firebase-ios-sdk" */;
			productName = FirebaseFirestore;
		};
/* End XCSwiftPackageProductDependency section */
	};
	rootObject = 653A2545283387FE005D4D48 /* Project object */;
}
